// !$*UTF8*$!
{
	archiveVersion = 1;
	classes = {
	};
	objectVersion = 55;
	objects = {

/* Begin PBXBuildFile section */
		8DA09D80270B7564000B43C8 /* User.swift in Sources */ = {isa = PBXBuildFile; fileRef = 8DA09D7F270B7564000B43C8 /* User.swift */; };
		8DA09D82270B7948000B43C8 /* Level.swift in Sources */ = {isa = PBXBuildFile; fileRef = 8DA09D81270B7948000B43C8 /* Level.swift */; };
		8DA09D84270B7963000B43C8 /* CheckpointScores.swift in Sources */ = {isa = PBXBuildFile; fileRef = 8DA09D83270B7963000B43C8 /* CheckpointScores.swift */; };
		8DA09D86270B79B3000B43C8 /* InteractionSequence.swift in Sources */ = {isa = PBXBuildFile; fileRef = 8DA09D85270B79B3000B43C8 /* InteractionSequence.swift */; };
		8DA09D89270B7CA4000B43C8 /* InteractionProtocol.swift in Sources */ = {isa = PBXBuildFile; fileRef = 8DA09D88270B7CA4000B43C8 /* InteractionProtocol.swift */; };
		8DA09D8B270B7F97000B43C8 /* Book.swift in Sources */ = {isa = PBXBuildFile; fileRef = 8DA09D8A270B7F97000B43C8 /* Book.swift */; };
		8DA09D8E270B8487000B43C8 /* TileInteraction.swift in Sources */ = {isa = PBXBuildFile; fileRef = 8DA09D8D270B8487000B43C8 /* TileInteraction.swift */; };
		8DA09D90270B87EF000B43C8 /* FaceInteraction.swift in Sources */ = {isa = PBXBuildFile; fileRef = 8DA09D8F270B87EF000B43C8 /* FaceInteraction.swift */; };
		8DDCA7F327078441002E9925 /* AppDelegate.swift in Sources */ = {isa = PBXBuildFile; fileRef = 8DDCA7F227078441002E9925 /* AppDelegate.swift */; };
		8DDCA7F927078441002E9925 /* GameScene.swift in Sources */ = {isa = PBXBuildFile; fileRef = 8DDCA7F827078441002E9925 /* GameScene.swift */; };
		8DDCA7FB27078441002E9925 /* GameViewController.swift in Sources */ = {isa = PBXBuildFile; fileRef = 8DDCA7FA27078441002E9925 /* GameViewController.swift */; };
		8DDCA80027078443002E9925 /* Assets.xcassets in Resources */ = {isa = PBXBuildFile; fileRef = 8DDCA7FF27078443002E9925 /* Assets.xcassets */; };
		8DDCA80327078443002E9925 /* LaunchScreen.storyboard in Resources */ = {isa = PBXBuildFile; fileRef = 8DDCA80127078443002E9925 /* LaunchScreen.storyboard */; };
		8DDCA80E2707B1A1002E9925 /* MainSceneViewController.swift in Sources */ = {isa = PBXBuildFile; fileRef = 8DDCA80D2707B1A1002E9925 /* MainSceneViewController.swift */; };
		8DDFF099270CD5F000139FE2 /* SceneDelegate.swift in Sources */ = {isa = PBXBuildFile; fileRef = 8DDFF098270CD5F000139FE2 /* SceneDelegate.swift */; };
		8DDFF09B270CD84C00139FE2 /* AppContainer.swift in Sources */ = {isa = PBXBuildFile; fileRef = 8DDFF09A270CD84C00139FE2 /* AppContainer.swift */; };
		DB6BD2BA270F850000BE8C80 /* Inika-Regular.ttf in Resources */ = {isa = PBXBuildFile; fileRef = DB6BD2B8270F850000BE8C80 /* Inika-Regular.ttf */; };
		DB6BD2BB270F850000BE8C80 /* Inika-Bold.ttf in Resources */ = {isa = PBXBuildFile; fileRef = DB6BD2B9270F850000BE8C80 /* Inika-Bold.ttf */; };
		DB6BD2BD270F916E00BE8C80 /* SongLibraryLockedSongCell.swift in Sources */ = {isa = PBXBuildFile; fileRef = DB6BD2BC270F916E00BE8C80 /* SongLibraryLockedSongCell.swift */; };
		DBB9200F270CBEC90090E41F /* SongLibraryView.swift in Sources */ = {isa = PBXBuildFile; fileRef = DBB9200E270CBEC90090E41F /* SongLibraryView.swift */; };
		DBB92011270CBFFA0090E41F /* SongLibraryUnlockedSongCell.swift in Sources */ = {isa = PBXBuildFile; fileRef = DBB92010270CBFFA0090E41F /* SongLibraryUnlockedSongCell.swift */; };
		DBB92013270CC1860090E41F /* SongLibraryViewDelegate.swift in Sources */ = {isa = PBXBuildFile; fileRef = DBB92012270CC1860090E41F /* SongLibraryViewDelegate.swift */; };
		DBB92015270CC1960090E41F /* SongLibraryViewController.swift in Sources */ = {isa = PBXBuildFile; fileRef = DBB92014270CC1960090E41F /* SongLibraryViewController.swift */; };
		DBB92018270CC4D40090E41F /* BaseViewController.swift in Sources */ = {isa = PBXBuildFile; fileRef = DBB92017270CC4D40090E41F /* BaseViewController.swift */; };
		DBB9201D270CE3850090E41F /* DynamicLabel.swift in Sources */ = {isa = PBXBuildFile; fileRef = DBB9201C270CE3850090E41F /* DynamicLabel.swift */; };
		F14F1A522712291B002F5C3A /* SmileToUnlockView.swift in Sources */ = {isa = PBXBuildFile; fileRef = F14F1A512712291B002F5C3A /* SmileToUnlockView.swift */; };
		F14F1A5627122D1A002F5C3A /* SmileToUnlockViewController.swift in Sources */ = {isa = PBXBuildFile; fileRef = F14F1A5527122D1A002F5C3A /* SmileToUnlockViewController.swift */; };
/* End PBXBuildFile section */

/* Begin PBXFileReference section */
		8D6CB93F270CE88C0057176F /* Info.plist */ = {isa = PBXFileReference; lastKnownFileType = text.plist; path = Info.plist; sourceTree = "<group>"; };
		8DA09D7F270B7564000B43C8 /* User.swift */ = {isa = PBXFileReference; lastKnownFileType = sourcecode.swift; path = User.swift; sourceTree = "<group>"; };
		8DA09D81270B7948000B43C8 /* Level.swift */ = {isa = PBXFileReference; lastKnownFileType = sourcecode.swift; path = Level.swift; sourceTree = "<group>"; };
		8DA09D83270B7963000B43C8 /* CheckpointScores.swift */ = {isa = PBXFileReference; lastKnownFileType = sourcecode.swift; path = CheckpointScores.swift; sourceTree = "<group>"; };
		8DA09D85270B79B3000B43C8 /* InteractionSequence.swift */ = {isa = PBXFileReference; lastKnownFileType = sourcecode.swift; path = InteractionSequence.swift; sourceTree = "<group>"; };
		8DA09D88270B7CA4000B43C8 /* InteractionProtocol.swift */ = {isa = PBXFileReference; lastKnownFileType = sourcecode.swift; path = InteractionProtocol.swift; sourceTree = "<group>"; };
		8DA09D8A270B7F97000B43C8 /* Book.swift */ = {isa = PBXFileReference; lastKnownFileType = sourcecode.swift; path = Book.swift; sourceTree = "<group>"; };
		8DA09D8D270B8487000B43C8 /* TileInteraction.swift */ = {isa = PBXFileReference; lastKnownFileType = sourcecode.swift; path = TileInteraction.swift; sourceTree = "<group>"; };
		8DA09D8F270B87EF000B43C8 /* FaceInteraction.swift */ = {isa = PBXFileReference; lastKnownFileType = sourcecode.swift; path = FaceInteraction.swift; sourceTree = "<group>"; };
		8DDCA7EF27078441002E9925 /* RhythMage.app */ = {isa = PBXFileReference; explicitFileType = wrapper.application; includeInIndex = 0; path = RhythMage.app; sourceTree = BUILT_PRODUCTS_DIR; };
		8DDCA7F227078441002E9925 /* AppDelegate.swift */ = {isa = PBXFileReference; lastKnownFileType = sourcecode.swift; path = AppDelegate.swift; sourceTree = "<group>"; };
		8DDCA7F827078441002E9925 /* GameScene.swift */ = {isa = PBXFileReference; lastKnownFileType = sourcecode.swift; path = GameScene.swift; sourceTree = "<group>"; };
		8DDCA7FA27078441002E9925 /* GameViewController.swift */ = {isa = PBXFileReference; lastKnownFileType = sourcecode.swift; path = GameViewController.swift; sourceTree = "<group>"; };
		8DDCA7FF27078443002E9925 /* Assets.xcassets */ = {isa = PBXFileReference; lastKnownFileType = folder.assetcatalog; path = Assets.xcassets; sourceTree = "<group>"; };
		8DDCA80227078443002E9925 /* Base */ = {isa = PBXFileReference; lastKnownFileType = file.storyboard; name = Base; path = Base.lproj/LaunchScreen.storyboard; sourceTree = "<group>"; };
		8DDCA80D2707B1A1002E9925 /* MainSceneViewController.swift */ = {isa = PBXFileReference; lastKnownFileType = sourcecode.swift; path = MainSceneViewController.swift; sourceTree = "<group>"; };
		8DDFF098270CD5F000139FE2 /* SceneDelegate.swift */ = {isa = PBXFileReference; lastKnownFileType = sourcecode.swift; path = SceneDelegate.swift; sourceTree = "<group>"; };
		8DDFF09A270CD84C00139FE2 /* AppContainer.swift */ = {isa = PBXFileReference; lastKnownFileType = sourcecode.swift; path = AppContainer.swift; sourceTree = "<group>"; };
		DB6BD2B8270F850000BE8C80 /* Inika-Regular.ttf */ = {isa = PBXFileReference; lastKnownFileType = file; path = "Inika-Regular.ttf"; sourceTree = "<group>"; };
		DB6BD2B9270F850000BE8C80 /* Inika-Bold.ttf */ = {isa = PBXFileReference; lastKnownFileType = file; path = "Inika-Bold.ttf"; sourceTree = "<group>"; };
		DB6BD2BC270F916E00BE8C80 /* SongLibraryLockedSongCell.swift */ = {isa = PBXFileReference; lastKnownFileType = sourcecode.swift; path = SongLibraryLockedSongCell.swift; sourceTree = "<group>"; };
		DBB9200E270CBEC90090E41F /* SongLibraryView.swift */ = {isa = PBXFileReference; lastKnownFileType = sourcecode.swift; path = SongLibraryView.swift; sourceTree = "<group>"; };
		DBB92010270CBFFA0090E41F /* SongLibraryUnlockedSongCell.swift */ = {isa = PBXFileReference; lastKnownFileType = sourcecode.swift; path = SongLibraryUnlockedSongCell.swift; sourceTree = "<group>"; };
		DBB92012270CC1860090E41F /* SongLibraryViewDelegate.swift */ = {isa = PBXFileReference; lastKnownFileType = sourcecode.swift; path = SongLibraryViewDelegate.swift; sourceTree = "<group>"; };
		DBB92014270CC1960090E41F /* SongLibraryViewController.swift */ = {isa = PBXFileReference; lastKnownFileType = sourcecode.swift; path = SongLibraryViewController.swift; sourceTree = "<group>"; };
		DBB92017270CC4D40090E41F /* BaseViewController.swift */ = {isa = PBXFileReference; lastKnownFileType = sourcecode.swift; path = BaseViewController.swift; sourceTree = "<group>"; };
		DBB9201C270CE3850090E41F /* DynamicLabel.swift */ = {isa = PBXFileReference; lastKnownFileType = sourcecode.swift; path = DynamicLabel.swift; sourceTree = "<group>"; };
		F14F1A512712291B002F5C3A /* SmileToUnlockView.swift */ = {isa = PBXFileReference; lastKnownFileType = sourcecode.swift; path = SmileToUnlockView.swift; sourceTree = "<group>"; };
		F14F1A5527122D1A002F5C3A /* SmileToUnlockViewController.swift */ = {isa = PBXFileReference; lastKnownFileType = sourcecode.swift; path = SmileToUnlockViewController.swift; sourceTree = "<group>"; };
/* End PBXFileReference section */

/* Begin PBXFrameworksBuildPhase section */
		8DDCA7EC27078441002E9925 /* Frameworks */ = {
			isa = PBXFrameworksBuildPhase;
			buildActionMask = 2147483647;
			files = (
			);
			runOnlyForDeploymentPostprocessing = 0;
		};
/* End PBXFrameworksBuildPhase section */

/* Begin PBXGroup section */
		8DA09D87270B7C92000B43C8 /* Protocols */ = {
			isa = PBXGroup;
			children = (
				8DA09D88270B7CA4000B43C8 /* InteractionProtocol.swift */,
			);
			path = Protocols;
			sourceTree = "<group>";
		};
		8DA09D8C270B8425000B43C8 /* Interactions */ = {
			isa = PBXGroup;
			children = (
				8DA09D8D270B8487000B43C8 /* TileInteraction.swift */,
				8DA09D8F270B87EF000B43C8 /* FaceInteraction.swift */,
			);
			path = Interactions;
			sourceTree = "<group>";
		};
		8DDCA7E627078441002E9925 = {
			isa = PBXGroup;
			children = (
				8DDCA7F127078441002E9925 /* RhythMage */,
				8DDCA7F027078441002E9925 /* Products */,
			);
			sourceTree = "<group>";
		};
		8DDCA7F027078441002E9925 /* Products */ = {
			isa = PBXGroup;
			children = (
				8DDCA7EF27078441002E9925 /* RhythMage.app */,
			);
			name = Products;
			sourceTree = "<group>";
		};
		8DDCA7F127078441002E9925 /* RhythMage */ = {
			isa = PBXGroup;
			children = (
				8D6CB93F270CE88C0057176F /* Info.plist */,
				8DDCA80B2707B11C002E9925 /* Scenes */,
				8DDCA80A2707B110002E9925 /* Controllers */,
				8DDCA8092707B106002E9925 /* Models */,
				8DDCA7FF27078443002E9925 /* Assets.xcassets */,
				8DDCA80127078443002E9925 /* LaunchScreen.storyboard */,
			);
			path = RhythMage;
			sourceTree = "<group>";
		};
		8DDCA8092707B106002E9925 /* Models */ = {
			isa = PBXGroup;
			children = (
				8DA09D87270B7C92000B43C8 /* Protocols */,
				8DA09D8C270B8425000B43C8 /* Interactions */,
				8DA09D7F270B7564000B43C8 /* User.swift */,
				8DA09D8A270B7F97000B43C8 /* Book.swift */,
				8DA09D81270B7948000B43C8 /* Level.swift */,
				8DA09D83270B7963000B43C8 /* CheckpointScores.swift */,
				8DA09D85270B79B3000B43C8 /* InteractionSequence.swift */,
				DB6BD2B9270F850000BE8C80 /* Inika-Bold.ttf */,
				DB6BD2B8270F850000BE8C80 /* Inika-Regular.ttf */,
			);
			path = Models;
			sourceTree = "<group>";
		};
		8DDCA80A2707B110002E9925 /* Controllers */ = {
			isa = PBXGroup;
			children = (
				DBB92017270CC4D40090E41F /* BaseViewController.swift */,
				8DDCA7F227078441002E9925 /* AppDelegate.swift */,
				8DDFF09A270CD84C00139FE2 /* AppContainer.swift */,
				8DDFF098270CD5F000139FE2 /* SceneDelegate.swift */,
			);
			path = Controllers;
			sourceTree = "<group>";
		};
		8DDCA80B2707B11C002E9925 /* Scenes */ = {
			isa = PBXGroup;
			children = (
				DBB92009270CBD830090E41F /* SongLibrary */,
				F14F1A50271228EA002F5C3A /* SmileToUnlock */,
				8DDCA7F827078441002E9925 /* GameScene.swift */,
				8DDCA7FA27078441002E9925 /* GameViewController.swift */,
				8DDCA80C2707B127002E9925 /* MainScene */,
				DBB9201C270CE3850090E41F /* DynamicLabel.swift */,
			);
			path = Scenes;
			sourceTree = "<group>";
		};
		8DDCA80C2707B127002E9925 /* MainScene */ = {
			isa = PBXGroup;
			children = (
				8DDCA80D2707B1A1002E9925 /* MainSceneViewController.swift */,
			);
			path = MainScene;
			sourceTree = "<group>";
		};
		DBB92009270CBD830090E41F /* SongLibrary */ = {
			isa = PBXGroup;
			children = (
				DBB9200B270CBD990090E41F /* Controller */,
				DBB9200A270CBD930090E41F /* View */,
			);
			path = SongLibrary;
			sourceTree = "<group>";
		};
		DBB9200A270CBD930090E41F /* View */ = {
			isa = PBXGroup;
			children = (
				DBB9200E270CBEC90090E41F /* SongLibraryView.swift */,
				DBB92010270CBFFA0090E41F /* SongLibraryUnlockedSongCell.swift */,
				DB6BD2BC270F916E00BE8C80 /* SongLibraryLockedSongCell.swift */,
			);
			path = View;
			sourceTree = "<group>";
		};
		DBB9200B270CBD990090E41F /* Controller */ = {
			isa = PBXGroup;
			children = (
				DBB92012270CC1860090E41F /* SongLibraryViewDelegate.swift */,
				DBB92014270CC1960090E41F /* SongLibraryViewController.swift */,
			);
			path = Controller;
			sourceTree = "<group>";
		};
		F14F1A50271228EA002F5C3A /* SmileToUnlock */ = {
			isa = PBXGroup;
			children = (
				F14F1A512712291B002F5C3A /* SmileToUnlockView.swift */,
				F14F1A5527122D1A002F5C3A /* SmileToUnlockViewController.swift */,
			);
			path = SmileToUnlock;
			sourceTree = "<group>";
		};
/* End PBXGroup section */

/* Begin PBXNativeTarget section */
		8DDCA7EE27078441002E9925 /* RhythMage */ = {
			isa = PBXNativeTarget;
			buildConfigurationList = 8DDCA80627078443002E9925 /* Build configuration list for PBXNativeTarget "RhythMage" */;
			buildPhases = (
				8DDCA7EB27078441002E9925 /* Sources */,
				8DDCA7EC27078441002E9925 /* Frameworks */,
				8DDCA7ED27078441002E9925 /* Resources */,
			);
			buildRules = (
			);
			dependencies = (
			);
			name = RhythMage;
			productName = RhythMage;
			productReference = 8DDCA7EF27078441002E9925 /* RhythMage.app */;
			productType = "com.apple.product-type.application";
		};
/* End PBXNativeTarget section */

/* Begin PBXProject section */
		8DDCA7E727078441002E9925 /* Project object */ = {
			isa = PBXProject;
			attributes = {
				BuildIndependentTargetsInParallel = 1;
				LastSwiftUpdateCheck = 1300;
				LastUpgradeCheck = 1300;
				TargetAttributes = {
					8DDCA7EE27078441002E9925 = {
						CreatedOnToolsVersion = 13.0;
					};
				};
			};
			buildConfigurationList = 8DDCA7EA27078441002E9925 /* Build configuration list for PBXProject "RhythMage" */;
			compatibilityVersion = "Xcode 13.0";
			developmentRegion = en;
			hasScannedForEncodings = 0;
			knownRegions = (
				en,
				Base,
			);
			mainGroup = 8DDCA7E627078441002E9925;
			productRefGroup = 8DDCA7F027078441002E9925 /* Products */;
			projectDirPath = "";
			projectRoot = "";
			targets = (
				8DDCA7EE27078441002E9925 /* RhythMage */,
			);
		};
/* End PBXProject section */

/* Begin PBXResourcesBuildPhase section */
		8DDCA7ED27078441002E9925 /* Resources */ = {
			isa = PBXResourcesBuildPhase;
			buildActionMask = 2147483647;
			files = (
				DB6BD2BB270F850000BE8C80 /* Inika-Bold.ttf in Resources */,
				8DDCA80027078443002E9925 /* Assets.xcassets in Resources */,
				8DDCA80327078443002E9925 /* LaunchScreen.storyboard in Resources */,
				DB6BD2BA270F850000BE8C80 /* Inika-Regular.ttf in Resources */,
			);
			runOnlyForDeploymentPostprocessing = 0;
		};
/* End PBXResourcesBuildPhase section */

/* Begin PBXSourcesBuildPhase section */
		8DDCA7EB27078441002E9925 /* Sources */ = {
			isa = PBXSourcesBuildPhase;
			buildActionMask = 2147483647;
			files = (
				DBB92011270CBFFA0090E41F /* SongLibraryUnlockedSongCell.swift in Sources */,
				8DA09D82270B7948000B43C8 /* Level.swift in Sources */,
				F14F1A5627122D1A002F5C3A /* SmileToUnlockViewController.swift in Sources */,
				F14F1A522712291B002F5C3A /* SmileToUnlockView.swift in Sources */,
				DB6BD2BD270F916E00BE8C80 /* SongLibraryLockedSongCell.swift in Sources */,
				8DDCA7F927078441002E9925 /* GameScene.swift in Sources */,
				8DDCA7FB27078441002E9925 /* GameViewController.swift in Sources */,
				8DA09D84270B7963000B43C8 /* CheckpointScores.swift in Sources */,
				DBB92015270CC1960090E41F /* SongLibraryViewController.swift in Sources */,
				8DDCA80E2707B1A1002E9925 /* MainSceneViewController.swift in Sources */,
				DBB92018270CC4D40090E41F /* BaseViewController.swift in Sources */,
				8DA09D86270B79B3000B43C8 /* InteractionSequence.swift in Sources */,
				8DA09D89270B7CA4000B43C8 /* InteractionProtocol.swift in Sources */,
				DBB9200F270CBEC90090E41F /* SongLibraryView.swift in Sources */,
				8DA09D90270B87EF000B43C8 /* FaceInteraction.swift in Sources */,
				8DDFF099270CD5F000139FE2 /* SceneDelegate.swift in Sources */,
				8DA09D80270B7564000B43C8 /* User.swift in Sources */,
				8DA09D8B270B7F97000B43C8 /* Book.swift in Sources */,
				8DA09D8E270B8487000B43C8 /* TileInteraction.swift in Sources */,
				DBB92013270CC1860090E41F /* SongLibraryViewDelegate.swift in Sources */,
				DBB9201D270CE3850090E41F /* DynamicLabel.swift in Sources */,
				8DDCA7F327078441002E9925 /* AppDelegate.swift in Sources */,
				8DDFF09B270CD84C00139FE2 /* AppContainer.swift in Sources */,
			);
			runOnlyForDeploymentPostprocessing = 0;
		};
/* End PBXSourcesBuildPhase section */

/* Begin PBXVariantGroup section */
		8DDCA80127078443002E9925 /* LaunchScreen.storyboard */ = {
			isa = PBXVariantGroup;
			children = (
				8DDCA80227078443002E9925 /* Base */,
			);
			name = LaunchScreen.storyboard;
			sourceTree = "<group>";
		};
/* End PBXVariantGroup section */

/* Begin XCBuildConfiguration section */
		8DDCA80427078443002E9925 /* Debug */ = {
			isa = XCBuildConfiguration;
			buildSettings = {
				ALWAYS_SEARCH_USER_PATHS = NO;
				CLANG_ANALYZER_NONNULL = YES;
				CLANG_ANALYZER_NUMBER_OBJECT_CONVERSION = YES_AGGRESSIVE;
				CLANG_CXX_LANGUAGE_STANDARD = "gnu++17";
				CLANG_CXX_LIBRARY = "libc++";
				CLANG_ENABLE_MODULES = YES;
				CLANG_ENABLE_OBJC_ARC = YES;
				CLANG_ENABLE_OBJC_WEAK = YES;
				CLANG_WARN_BLOCK_CAPTURE_AUTORELEASING = YES;
				CLANG_WARN_BOOL_CONVERSION = YES;
				CLANG_WARN_COMMA = YES;
				CLANG_WARN_CONSTANT_CONVERSION = YES;
				CLANG_WARN_DEPRECATED_OBJC_IMPLEMENTATIONS = YES;
				CLANG_WARN_DIRECT_OBJC_ISA_USAGE = YES_ERROR;
				CLANG_WARN_DOCUMENTATION_COMMENTS = YES;
				CLANG_WARN_EMPTY_BODY = YES;
				CLANG_WARN_ENUM_CONVERSION = YES;
				CLANG_WARN_INFINITE_RECURSION = YES;
				CLANG_WARN_INT_CONVERSION = YES;
				CLANG_WARN_NON_LITERAL_NULL_CONVERSION = YES;
				CLANG_WARN_OBJC_IMPLICIT_RETAIN_SELF = YES;
				CLANG_WARN_OBJC_LITERAL_CONVERSION = YES;
				CLANG_WARN_OBJC_ROOT_CLASS = YES_ERROR;
				CLANG_WARN_QUOTED_INCLUDE_IN_FRAMEWORK_HEADER = YES;
				CLANG_WARN_RANGE_LOOP_ANALYSIS = YES;
				CLANG_WARN_STRICT_PROTOTYPES = YES;
				CLANG_WARN_SUSPICIOUS_MOVE = YES;
				CLANG_WARN_UNGUARDED_AVAILABILITY = YES_AGGRESSIVE;
				CLANG_WARN_UNREACHABLE_CODE = YES;
				CLANG_WARN__DUPLICATE_METHOD_MATCH = YES;
				COPY_PHASE_STRIP = NO;
				DEBUG_INFORMATION_FORMAT = dwarf;
				ENABLE_STRICT_OBJC_MSGSEND = YES;
				ENABLE_TESTABILITY = YES;
				GCC_C_LANGUAGE_STANDARD = gnu11;
				GCC_DYNAMIC_NO_PIC = NO;
				GCC_NO_COMMON_BLOCKS = YES;
				GCC_OPTIMIZATION_LEVEL = 0;
				GCC_PREPROCESSOR_DEFINITIONS = (
					"DEBUG=1",
					"$(inherited)",
				);
				GCC_WARN_64_TO_32_BIT_CONVERSION = YES;
				GCC_WARN_ABOUT_RETURN_TYPE = YES_ERROR;
				GCC_WARN_UNDECLARED_SELECTOR = YES;
				GCC_WARN_UNINITIALIZED_AUTOS = YES_AGGRESSIVE;
				GCC_WARN_UNUSED_FUNCTION = YES;
				GCC_WARN_UNUSED_VARIABLE = YES;
				GENERATE_PKGINFO_FILE = NO;
				IPHONEOS_DEPLOYMENT_TARGET = 15.0;
				MTL_ENABLE_DEBUG_INFO = INCLUDE_SOURCE;
				MTL_FAST_MATH = YES;
				ONLY_ACTIVE_ARCH = YES;
				PRODUCT_NAME = "";
				SDKROOT = iphoneos;
				SWIFT_ACTIVE_COMPILATION_CONDITIONS = DEBUG;
				SWIFT_OPTIMIZATION_LEVEL = "-Onone";
			};
			name = Debug;
		};
		8DDCA80527078443002E9925 /* Release */ = {
			isa = XCBuildConfiguration;
			buildSettings = {
				ALWAYS_SEARCH_USER_PATHS = NO;
				CLANG_ANALYZER_NONNULL = YES;
				CLANG_ANALYZER_NUMBER_OBJECT_CONVERSION = YES_AGGRESSIVE;
				CLANG_CXX_LANGUAGE_STANDARD = "gnu++17";
				CLANG_CXX_LIBRARY = "libc++";
				CLANG_ENABLE_MODULES = YES;
				CLANG_ENABLE_OBJC_ARC = YES;
				CLANG_ENABLE_OBJC_WEAK = YES;
				CLANG_WARN_BLOCK_CAPTURE_AUTORELEASING = YES;
				CLANG_WARN_BOOL_CONVERSION = YES;
				CLANG_WARN_COMMA = YES;
				CLANG_WARN_CONSTANT_CONVERSION = YES;
				CLANG_WARN_DEPRECATED_OBJC_IMPLEMENTATIONS = YES;
				CLANG_WARN_DIRECT_OBJC_ISA_USAGE = YES_ERROR;
				CLANG_WARN_DOCUMENTATION_COMMENTS = YES;
				CLANG_WARN_EMPTY_BODY = YES;
				CLANG_WARN_ENUM_CONVERSION = YES;
				CLANG_WARN_INFINITE_RECURSION = YES;
				CLANG_WARN_INT_CONVERSION = YES;
				CLANG_WARN_NON_LITERAL_NULL_CONVERSION = YES;
				CLANG_WARN_OBJC_IMPLICIT_RETAIN_SELF = YES;
				CLANG_WARN_OBJC_LITERAL_CONVERSION = YES;
				CLANG_WARN_OBJC_ROOT_CLASS = YES_ERROR;
				CLANG_WARN_QUOTED_INCLUDE_IN_FRAMEWORK_HEADER = YES;
				CLANG_WARN_RANGE_LOOP_ANALYSIS = YES;
				CLANG_WARN_STRICT_PROTOTYPES = YES;
				CLANG_WARN_SUSPICIOUS_MOVE = YES;
				CLANG_WARN_UNGUARDED_AVAILABILITY = YES_AGGRESSIVE;
				CLANG_WARN_UNREACHABLE_CODE = YES;
				CLANG_WARN__DUPLICATE_METHOD_MATCH = YES;
				COPY_PHASE_STRIP = NO;
				DEBUG_INFORMATION_FORMAT = "dwarf-with-dsym";
				ENABLE_NS_ASSERTIONS = NO;
				ENABLE_STRICT_OBJC_MSGSEND = YES;
				GCC_C_LANGUAGE_STANDARD = gnu11;
				GCC_NO_COMMON_BLOCKS = YES;
				GCC_WARN_64_TO_32_BIT_CONVERSION = YES;
				GCC_WARN_ABOUT_RETURN_TYPE = YES_ERROR;
				GCC_WARN_UNDECLARED_SELECTOR = YES;
				GCC_WARN_UNINITIALIZED_AUTOS = YES_AGGRESSIVE;
				GCC_WARN_UNUSED_FUNCTION = YES;
				GCC_WARN_UNUSED_VARIABLE = YES;
				GENERATE_PKGINFO_FILE = NO;
				IPHONEOS_DEPLOYMENT_TARGET = 15.0;
				MTL_ENABLE_DEBUG_INFO = NO;
				MTL_FAST_MATH = YES;
				PRODUCT_NAME = "";
				SDKROOT = iphoneos;
				SWIFT_COMPILATION_MODE = wholemodule;
				SWIFT_OPTIMIZATION_LEVEL = "-O";
				VALIDATE_PRODUCT = YES;
			};
			name = Release;
		};
		8DDCA80727078443002E9925 /* Debug */ = {
			isa = XCBuildConfiguration;
			buildSettings = {
				ASSETCATALOG_COMPILER_APPICON_NAME = AppIcon;
				ASSETCATALOG_COMPILER_GLOBAL_ACCENT_COLOR_NAME = AccentColor;
				CODE_SIGN_STYLE = Automatic;
				CURRENT_PROJECT_VERSION = 1;
				DEVELOPMENT_TEAM = 5J4WXMTZ2V;
				GENERATE_INFOPLIST_FILE = YES;
				INFOPLIST_FILE = RhythMage/Info.plist;
				INFOPLIST_KEY_UIApplicationSupportsIndirectInputEvents = YES;
				INFOPLIST_KEY_UILaunchStoryboardName = LaunchScreen;
				INFOPLIST_KEY_UIStatusBarHidden = YES;
				INFOPLIST_KEY_UISupportedInterfaceOrientations = UIInterfaceOrientationPortrait;
				INFOPLIST_KEY_UISupportedInterfaceOrientations_iPad = "UIInterfaceOrientationPortrait UIInterfaceOrientationPortraitUpsideDown UIInterfaceOrientationLandscapeLeft UIInterfaceOrientationLandscapeRight";
				INFOPLIST_KEY_UISupportedInterfaceOrientations_iPhone = "UIInterfaceOrientationPortrait UIInterfaceOrientationLandscapeLeft UIInterfaceOrientationLandscapeRight";
				IPHONEOS_DEPLOYMENT_TARGET = 15.0;
				LD_RUNPATH_SEARCH_PATHS = (
					"$(inherited)",
					"@executable_path/Frameworks",
				);
				MARKETING_VERSION = 1.0;
				PRODUCT_BUNDLE_IDENTIFIER = ADA.RhythMage;
				PRODUCT_NAME = "$(TARGET_NAME)";
				SWIFT_EMIT_LOC_STRINGS = YES;
				SWIFT_VERSION = 5.0;
				TARGETED_DEVICE_FAMILY = 1;
				WRAPPER_EXTENSION = app;
			};
			name = Debug;
		};
		8DDCA80827078443002E9925 /* Release */ = {
			isa = XCBuildConfiguration;
			buildSettings = {
				ASSETCATALOG_COMPILER_APPICON_NAME = AppIcon;
				ASSETCATALOG_COMPILER_GLOBAL_ACCENT_COLOR_NAME = AccentColor;
				CODE_SIGN_STYLE = Automatic;
				CURRENT_PROJECT_VERSION = 1;
				DEVELOPMENT_TEAM = 5J4WXMTZ2V;
				GENERATE_INFOPLIST_FILE = YES;
				INFOPLIST_FILE = RhythMage/Info.plist;
				INFOPLIST_KEY_UIApplicationSupportsIndirectInputEvents = YES;
				INFOPLIST_KEY_UILaunchStoryboardName = LaunchScreen;
				INFOPLIST_KEY_UIStatusBarHidden = YES;
				INFOPLIST_KEY_UISupportedInterfaceOrientations = UIInterfaceOrientationPortrait;
				INFOPLIST_KEY_UISupportedInterfaceOrientations_iPad = "UIInterfaceOrientationPortrait UIInterfaceOrientationPortraitUpsideDown UIInterfaceOrientationLandscapeLeft UIInterfaceOrientationLandscapeRight";
				INFOPLIST_KEY_UISupportedInterfaceOrientations_iPhone = "UIInterfaceOrientationPortrait UIInterfaceOrientationLandscapeLeft UIInterfaceOrientationLandscapeRight";
				IPHONEOS_DEPLOYMENT_TARGET = 15.0;
				LD_RUNPATH_SEARCH_PATHS = (
					"$(inherited)",
					"@executable_path/Frameworks",
				);
				MARKETING_VERSION = 1.0;
				PRODUCT_BUNDLE_IDENTIFIER = ADA.RhythMage;
				PRODUCT_NAME = "$(TARGET_NAME)";
				SWIFT_EMIT_LOC_STRINGS = YES;
				SWIFT_VERSION = 5.0;
				TARGETED_DEVICE_FAMILY = 1;
				WRAPPER_EXTENSION = app;
			};
			name = Release;
		};
/* End XCBuildConfiguration section */

/* Begin XCConfigurationList section */
		8DDCA7EA27078441002E9925 /* Build configuration list for PBXProject "RhythMage" */ = {
			isa = XCConfigurationList;
			buildConfigurations = (
				8DDCA80427078443002E9925 /* Debug */,
				8DDCA80527078443002E9925 /* Release */,
			);
			defaultConfigurationIsVisible = 0;
			defaultConfigurationName = Release;
		};
		8DDCA80627078443002E9925 /* Build configuration list for PBXNativeTarget "RhythMage" */ = {
			isa = XCConfigurationList;
			buildConfigurations = (
				8DDCA80727078443002E9925 /* Debug */,
				8DDCA80827078443002E9925 /* Release */,
			);
			defaultConfigurationIsVisible = 0;
			defaultConfigurationName = Release;
		};
/* End XCConfigurationList section */
	};
	rootObject = 8DDCA7E727078441002E9925 /* Project object */;
}
