// !$*UTF8*$!
{
	archiveVersion = 1;
	classes = {
	};
	objectVersion = 55;
	objects = {

/* Begin PBXBuildFile section */
		8D00CA1E2722D3E600DCBA84 /* defaultLevel.json in Resources */ = {isa = PBXBuildFile; fileRef = 8D00CA1D2722D3E500DCBA84 /* defaultLevel.json */; };
		8D00CA212722D43100DCBA84 /* SKNode.swift in Sources */ = {isa = PBXBuildFile; fileRef = 8D00CA202722D43100DCBA84 /* SKNode.swift */; };
		8D00CA232722D43E00DCBA84 /* SKShapeNode.swift in Sources */ = {isa = PBXBuildFile; fileRef = 8D00CA222722D43E00DCBA84 /* SKShapeNode.swift */; };
		8D00CA252722D45000DCBA84 /* UIView.swift in Sources */ = {isa = PBXBuildFile; fileRef = 8D00CA242722D45000DCBA84 /* UIView.swift */; };
		8D00CA282722D4C000DCBA84 /* HitLineNode.swift in Sources */ = {isa = PBXBuildFile; fileRef = 8D00CA272722D4C000DCBA84 /* HitLineNode.swift */; };
		8D00CA2A2722D4D800DCBA84 /* MainOrbNode.swift in Sources */ = {isa = PBXBuildFile; fileRef = 8D00CA292722D4D800DCBA84 /* MainOrbNode.swift */; };
		8D00CA2C2722D4EE00DCBA84 /* TileOrbNode.swift in Sources */ = {isa = PBXBuildFile; fileRef = 8D00CA2B2722D4EE00DCBA84 /* TileOrbNode.swift */; };
		8D00CA462723439000DCBA84 /* AuthenticationController.swift in Sources */ = {isa = PBXBuildFile; fileRef = 8D00CA452723439000DCBA84 /* AuthenticationController.swift */; };
		8D05DD86270F0DA10078F2D8 /* BaseGameViewController.swift in Sources */ = {isa = PBXBuildFile; fileRef = 8D05DD85270F0DA10078F2D8 /* BaseGameViewController.swift */; };
		8D0984192717522C007477F3 /* GameScene.swift in Sources */ = {isa = PBXBuildFile; fileRef = 8D0984182717522C007477F3 /* GameScene.swift */; };
		8D09841B27175233007477F3 /* GameViewController.swift in Sources */ = {isa = PBXBuildFile; fileRef = 8D09841A27175233007477F3 /* GameViewController.swift */; };
		8D09842027175363007477F3 /* RecordingScene.swift in Sources */ = {isa = PBXBuildFile; fileRef = 8D09841F27175363007477F3 /* RecordingScene.swift */; };
		8D0984222717540A007477F3 /* AudioController.swift in Sources */ = {isa = PBXBuildFile; fileRef = 8D0984212717540A007477F3 /* AudioController.swift */; };
		8D09842527175BD6007477F3 /* fairy-tale-waltz.mp3 in Resources */ = {isa = PBXBuildFile; fileRef = 8D09842427175BD6007477F3 /* fairy-tale-waltz.mp3 */; };
		8D09842727175C27007477F3 /* RecordingViewController.swift in Sources */ = {isa = PBXBuildFile; fileRef = 8D09842627175C27007477F3 /* RecordingViewController.swift */; };
		8D4A63C1272725C4009AF315 /* FaceTrackingController.swift in Sources */ = {isa = PBXBuildFile; fileRef = 8D4A63C0272725C4009AF315 /* FaceTrackingController.swift */; };
		8DA09D80270B7564000B43C8 /* User.swift in Sources */ = {isa = PBXBuildFile; fileRef = 8DA09D7F270B7564000B43C8 /* User.swift */; };
		8DA09D82270B7948000B43C8 /* Level.swift in Sources */ = {isa = PBXBuildFile; fileRef = 8DA09D81270B7948000B43C8 /* Level.swift */; };
		8DA09D84270B7963000B43C8 /* CheckpointScores.swift in Sources */ = {isa = PBXBuildFile; fileRef = 8DA09D83270B7963000B43C8 /* CheckpointScores.swift */; };
		8DA09D86270B79B3000B43C8 /* InteractionSequence.swift in Sources */ = {isa = PBXBuildFile; fileRef = 8DA09D85270B79B3000B43C8 /* InteractionSequence.swift */; };
		8DA09D89270B7CA4000B43C8 /* InteractionProtocol.swift in Sources */ = {isa = PBXBuildFile; fileRef = 8DA09D88270B7CA4000B43C8 /* InteractionProtocol.swift */; };
		8DA09D8B270B7F97000B43C8 /* Book.swift in Sources */ = {isa = PBXBuildFile; fileRef = 8DA09D8A270B7F97000B43C8 /* Book.swift */; };
		8DA09D8E270B8487000B43C8 /* TileInteraction.swift in Sources */ = {isa = PBXBuildFile; fileRef = 8DA09D8D270B8487000B43C8 /* TileInteraction.swift */; };
		8DA09D90270B87EF000B43C8 /* FaceInteraction.swift in Sources */ = {isa = PBXBuildFile; fileRef = 8DA09D8F270B87EF000B43C8 /* FaceInteraction.swift */; };
		8DB1CFC92729E7C90015B113 /* UINavigationController.swift in Sources */ = {isa = PBXBuildFile; fileRef = 8DB1CFC82729E7C90015B113 /* UINavigationController.swift */; };
		8DDCA7F327078441002E9925 /* AppDelegate.swift in Sources */ = {isa = PBXBuildFile; fileRef = 8DDCA7F227078441002E9925 /* AppDelegate.swift */; };
		8DDCA80027078443002E9925 /* Assets.xcassets in Resources */ = {isa = PBXBuildFile; fileRef = 8DDCA7FF27078443002E9925 /* Assets.xcassets */; };
		8DDCA80327078443002E9925 /* LaunchScreen.storyboard in Resources */ = {isa = PBXBuildFile; fileRef = 8DDCA80127078443002E9925 /* LaunchScreen.storyboard */; };
		8DDD692C2718AA2100818A45 /* Realm in Frameworks */ = {isa = PBXBuildFile; productRef = 8DDD692B2718AA2100818A45 /* Realm */; };
		8DDD692E2718AA2100818A45 /* RealmSwift in Frameworks */ = {isa = PBXBuildFile; productRef = 8DDD692D2718AA2100818A45 /* RealmSwift */; };
		8DDFF099270CD5F000139FE2 /* SceneDelegate.swift in Sources */ = {isa = PBXBuildFile; fileRef = 8DDFF098270CD5F000139FE2 /* SceneDelegate.swift */; };
		8DDFF09B270CD84C00139FE2 /* AppContainer.swift in Sources */ = {isa = PBXBuildFile; fileRef = 8DDFF09A270CD84C00139FE2 /* AppContainer.swift */; };
		CF06475B2721E71D00477C3A /* SongMock.swift in Sources */ = {isa = PBXBuildFile; fileRef = CF06475A2721E71D00477C3A /* SongMock.swift */; };
		CF1F02352727858D004A1FAD /* TutorialViewController.swift in Sources */ = {isa = PBXBuildFile; fileRef = CF1F02342727858D004A1FAD /* TutorialViewController.swift */; };
		CF1F02372727859D004A1FAD /* TutorialView.swift in Sources */ = {isa = PBXBuildFile; fileRef = CF1F02362727859D004A1FAD /* TutorialView.swift */; };
		CF2192E4271778490078A93D /* GameKit.framework in Frameworks */ = {isa = PBXBuildFile; fileRef = CF2192E3271778490078A93D /* GameKit.framework */; };
		CF25FABB271EF19700E3A8D7 /* MainNavigationController.swift in Sources */ = {isa = PBXBuildFile; fileRef = CF25FABA271EF19700E3A8D7 /* MainNavigationController.swift */; };
		CF36F115271F113F00DE0604 /* SongLibraryHeaderView.swift in Sources */ = {isa = PBXBuildFile; fileRef = CF36F114271F113F00DE0604 /* SongLibraryHeaderView.swift */; };
		CF3C024B271F3E070046D529 /* CircularGradientView.swift in Sources */ = {isa = PBXBuildFile; fileRef = CF3C024A271F3E070046D529 /* CircularGradientView.swift */; };
		CF573B7A272336AA00FE1C35 /* CreditsSceneViewController.swift in Sources */ = {isa = PBXBuildFile; fileRef = CF573B79272336AA00FE1C35 /* CreditsSceneViewController.swift */; };
		CF577A6F2720D85300BF82E3 /* SummaryImageViewCollection.swift in Sources */ = {isa = PBXBuildFile; fileRef = CF577A6E2720D85300BF82E3 /* SummaryImageViewCollection.swift */; };
		CF746E8C2720865700B7F2DE /* SummaryView.swift in Sources */ = {isa = PBXBuildFile; fileRef = CF746E8B2720865700B7F2DE /* SummaryView.swift */; };
		CF746E8E2720866700B7F2DE /* SummaryViewController.swift in Sources */ = {isa = PBXBuildFile; fileRef = CF746E8D2720866700B7F2DE /* SummaryViewController.swift */; };
		CF746E9027208C5F00B7F2DE /* SummaryHeaderView.swift in Sources */ = {isa = PBXBuildFile; fileRef = CF746E8F27208C5F00B7F2DE /* SummaryHeaderView.swift */; };
		CF746E922720910200B7F2DE /* InteractionButtonsView.swift in Sources */ = {isa = PBXBuildFile; fileRef = CF746E912720910200B7F2DE /* InteractionButtonsView.swift */; };
		CF746E9727209D8D00B7F2DE /* PointsView.swift in Sources */ = {isa = PBXBuildFile; fileRef = CF746E9627209D8D00B7F2DE /* PointsView.swift */; };
		CF746E9A2720A5DA00B7F2DE /* SummaryImageSetup.swift in Sources */ = {isa = PBXBuildFile; fileRef = CF746E992720A5DA00B7F2DE /* SummaryImageSetup.swift */; };
		CF746E9C2720A75B00B7F2DE /* SummaryImageView.swift in Sources */ = {isa = PBXBuildFile; fileRef = CF746E9B2720A75B00B7F2DE /* SummaryImageView.swift */; };
		CFB113B32729AC4F001A5447 /* CameraCaptureViewController.swift in Sources */ = {isa = PBXBuildFile; fileRef = CFB113B22729AC4F001A5447 /* CameraCaptureViewController.swift */; };
		CFB113B52729AC69001A5447 /* CameraCapture.swift in Sources */ = {isa = PBXBuildFile; fileRef = CFB113B42729AC69001A5447 /* CameraCapture.swift */; };
		CFB113B72729BA77001A5447 /* cameraCaptureAudio.m4a in Resources */ = {isa = PBXBuildFile; fileRef = CFB113B62729BA77001A5447 /* cameraCaptureAudio.m4a */; };
		CFB113B92729CAB2001A5447 /* TutorialInstructionView.swift in Sources */ = {isa = PBXBuildFile; fileRef = CFB113B82729CAB2001A5447 /* TutorialInstructionView.swift */; };
		CFC99B5527286EE600773C92 /* Video.swift in Sources */ = {isa = PBXBuildFile; fileRef = CFC99B5427286EE600773C92 /* Video.swift */; };
		CFC99B5827288D8800773C92 /* rhtyhMage.mp4 in Resources */ = {isa = PBXBuildFile; fileRef = CFC99B5727288D8800773C92 /* rhtyhMage.mp4 */; };
		CFC99B5A2728906700773C92 /* CameraAccessView.swift in Sources */ = {isa = PBXBuildFile; fileRef = CFC99B592728906700773C92 /* CameraAccessView.swift */; };
		CFC99B5C2728914300773C92 /* CameraSetupViewController.swift in Sources */ = {isa = PBXBuildFile; fileRef = CFC99B5B2728914300773C92 /* CameraSetupViewController.swift */; };
		CFE760582728AE5B0059F245 /* HeadphoneRecomendationView.swift in Sources */ = {isa = PBXBuildFile; fileRef = CFE760572728AE5B0059F245 /* HeadphoneRecomendationView.swift */; };
		CFE7605A2728B71D0059F245 /* HeadphonerViewController.swift in Sources */ = {isa = PBXBuildFile; fileRef = CFE760592728B71D0059F245 /* HeadphonerViewController.swift */; };
		CFF5B040271DFEA500E5CCE8 /* Colors.swift in Sources */ = {isa = PBXBuildFile; fileRef = CFF5B03F271DFEA500E5CCE8 /* Colors.swift */; };
		CFF5B042271E033700E5CCE8 /* TextStyles.swift in Sources */ = {isa = PBXBuildFile; fileRef = CFF5B041271E033700E5CCE8 /* TextStyles.swift */; };
		CFF5B044271E0DF400E5CCE8 /* GradientBackgroundView.swift in Sources */ = {isa = PBXBuildFile; fileRef = CFF5B043271E0DF400E5CCE8 /* GradientBackgroundView.swift */; };
		DB1A40FD272321B200F7EDD1 /* SongContainerView.swift in Sources */ = {isa = PBXBuildFile; fileRef = DB1A40FC272321B200F7EDD1 /* SongContainerView.swift */; };
		DB1A4104272321D300F7EDD1 /* SmileToResumeViewController.swift in Sources */ = {isa = PBXBuildFile; fileRef = DB1A4100272321D300F7EDD1 /* SmileToResumeViewController.swift */; };
		DB1A4106272321D300F7EDD1 /* SmileToResumeView.swift in Sources */ = {isa = PBXBuildFile; fileRef = DB1A4103272321D300F7EDD1 /* SmileToResumeView.swift */; };
		DB1A410F2723220F00F7EDD1 /* SongLibraryViewController.swift in Sources */ = {isa = PBXBuildFile; fileRef = DB1A41092723220F00F7EDD1 /* SongLibraryViewController.swift */; };
		DB1A41102723220F00F7EDD1 /* SongLibraryViewDelegate.swift in Sources */ = {isa = PBXBuildFile; fileRef = DB1A410A2723220F00F7EDD1 /* SongLibraryViewDelegate.swift */; };
		DB1A41112723220F00F7EDD1 /* SongLibraryView.swift in Sources */ = {isa = PBXBuildFile; fileRef = DB1A410C2723220F00F7EDD1 /* SongLibraryView.swift */; };
		DB1A41122723220F00F7EDD1 /* SongLibraryUnlockedSongCell.swift in Sources */ = {isa = PBXBuildFile; fileRef = DB1A410D2723220F00F7EDD1 /* SongLibraryUnlockedSongCell.swift */; };
		DB1A41132723220F00F7EDD1 /* SongLibraryLockedSongCell.swift in Sources */ = {isa = PBXBuildFile; fileRef = DB1A410E2723220F00F7EDD1 /* SongLibraryLockedSongCell.swift */; };
		DB1A41192723235700F7EDD1 /* RecordingSceneViewDelegate.swift in Sources */ = {isa = PBXBuildFile; fileRef = DB1A41182723235700F7EDD1 /* RecordingSceneViewDelegate.swift */; };
		DB1A411D27234E5C00F7EDD1 /* GameDisplayView.swift in Sources */ = {isa = PBXBuildFile; fileRef = DB1A411C27234E5C00F7EDD1 /* GameDisplayView.swift */; };
		DB6BD2BA270F850000BE8C80 /* Inika-Regular.ttf in Resources */ = {isa = PBXBuildFile; fileRef = DB6BD2B8270F850000BE8C80 /* Inika-Regular.ttf */; };
		DB6BD2BB270F850000BE8C80 /* Inika-Bold.ttf in Resources */ = {isa = PBXBuildFile; fileRef = DB6BD2B9270F850000BE8C80 /* Inika-Bold.ttf */; };
		DBB4A1D9271756E50037BCB1 /* LoadingScreenView.swift in Sources */ = {isa = PBXBuildFile; fileRef = DBB4A1D8271756E50037BCB1 /* LoadingScreenView.swift */; };
		DBB4A1DB271756F90037BCB1 /* LoadingScreenViewController.swift in Sources */ = {isa = PBXBuildFile; fileRef = DBB4A1DA271756F90037BCB1 /* LoadingScreenViewController.swift */; };
		DBB4A1DD271757AF0037BCB1 /* LoadingScreenViewDelegate.swift in Sources */ = {isa = PBXBuildFile; fileRef = DBB4A1DC271757AF0037BCB1 /* LoadingScreenViewDelegate.swift */; };
		DBB92018270CC4D40090E41F /* BaseViewController.swift in Sources */ = {isa = PBXBuildFile; fileRef = DBB92017270CC4D40090E41F /* BaseViewController.swift */; };
		DBB9201D270CE3850090E41F /* DynamicLabel.swift in Sources */ = {isa = PBXBuildFile; fileRef = DBB9201C270CE3850090E41F /* DynamicLabel.swift */; };
		F14F1A522712291B002F5C3A /* SmileToUnlockView.swift in Sources */ = {isa = PBXBuildFile; fileRef = F14F1A512712291B002F5C3A /* SmileToUnlockView.swift */; };
		F14F1A5627122D1A002F5C3A /* SmileToUnlockViewController.swift in Sources */ = {isa = PBXBuildFile; fileRef = F14F1A5527122D1A002F5C3A /* SmileToUnlockViewController.swift */; };
		F1587EFC27232EB300A2DC09 /* SettingsButtonCell.swift in Sources */ = {isa = PBXBuildFile; fileRef = F1587EFB27232EB300A2DC09 /* SettingsButtonCell.swift */; };
		F1587EFE27232ED000A2DC09 /* SettingsView.swift in Sources */ = {isa = PBXBuildFile; fileRef = F1587EFD27232ED000A2DC09 /* SettingsView.swift */; };
		F1587F0027232EF200A2DC09 /* SettingsViewController.swift in Sources */ = {isa = PBXBuildFile; fileRef = F1587EFF27232EF200A2DC09 /* SettingsViewController.swift */; };
		F1587F0227232F0400A2DC09 /* SettingsDelegate.swift in Sources */ = {isa = PBXBuildFile; fileRef = F1587F0127232F0400A2DC09 /* SettingsDelegate.swift */; };
		F1587F0427232F2C00A2DC09 /* UseSettings.swift in Sources */ = {isa = PBXBuildFile; fileRef = F1587F0327232F2C00A2DC09 /* UseSettings.swift */; };
		F1587F0927232FD400A2DC09 /* CreditsView.swift in Sources */ = {isa = PBXBuildFile; fileRef = F1587F0827232FD400A2DC09 /* CreditsView.swift */; };
		F1587F0D27232FFC00A2DC09 /* CreditsSceneDelegate.swift in Sources */ = {isa = PBXBuildFile; fileRef = F1587F0C27232FFC00A2DC09 /* CreditsSceneDelegate.swift */; };
		F17AFFB7272AD5FB007D3C73 /* HapticCell.swift in Sources */ = {isa = PBXBuildFile; fileRef = F17AFFB6272AD5FB007D3C73 /* HapticCell.swift */; };
		F17AFFB9272ADB81007D3C73 /* CameraTableViewCell.swift in Sources */ = {isa = PBXBuildFile; fileRef = F17AFFB8272ADB81007D3C73 /* CameraTableViewCell.swift */; };
/* End PBXBuildFile section */

/* Begin PBXFileReference section */
		8D00CA1D2722D3E500DCBA84 /* defaultLevel.json */ = {isa = PBXFileReference; lastKnownFileType = text.json; path = defaultLevel.json; sourceTree = "<group>"; };
		8D00CA202722D43100DCBA84 /* SKNode.swift */ = {isa = PBXFileReference; lastKnownFileType = sourcecode.swift; path = SKNode.swift; sourceTree = "<group>"; };
		8D00CA222722D43E00DCBA84 /* SKShapeNode.swift */ = {isa = PBXFileReference; lastKnownFileType = sourcecode.swift; path = SKShapeNode.swift; sourceTree = "<group>"; };
		8D00CA242722D45000DCBA84 /* UIView.swift */ = {isa = PBXFileReference; lastKnownFileType = sourcecode.swift; path = UIView.swift; sourceTree = "<group>"; };
		8D00CA272722D4C000DCBA84 /* HitLineNode.swift */ = {isa = PBXFileReference; lastKnownFileType = sourcecode.swift; path = HitLineNode.swift; sourceTree = "<group>"; };
		8D00CA292722D4D800DCBA84 /* MainOrbNode.swift */ = {isa = PBXFileReference; lastKnownFileType = sourcecode.swift; path = MainOrbNode.swift; sourceTree = "<group>"; };
		8D00CA2B2722D4EE00DCBA84 /* TileOrbNode.swift */ = {isa = PBXFileReference; lastKnownFileType = sourcecode.swift; path = TileOrbNode.swift; sourceTree = "<group>"; };
		8D00CA452723439000DCBA84 /* AuthenticationController.swift */ = {isa = PBXFileReference; lastKnownFileType = sourcecode.swift; path = AuthenticationController.swift; sourceTree = "<group>"; };
		8D05DD85270F0DA10078F2D8 /* BaseGameViewController.swift */ = {isa = PBXFileReference; lastKnownFileType = sourcecode.swift; path = BaseGameViewController.swift; sourceTree = "<group>"; };
		8D0984182717522C007477F3 /* GameScene.swift */ = {isa = PBXFileReference; fileEncoding = 4; lastKnownFileType = sourcecode.swift; path = GameScene.swift; sourceTree = "<group>"; };
		8D09841A27175233007477F3 /* GameViewController.swift */ = {isa = PBXFileReference; fileEncoding = 4; lastKnownFileType = sourcecode.swift; path = GameViewController.swift; sourceTree = "<group>"; };
		8D09841F27175363007477F3 /* RecordingScene.swift */ = {isa = PBXFileReference; lastKnownFileType = sourcecode.swift; path = RecordingScene.swift; sourceTree = "<group>"; };
		8D0984212717540A007477F3 /* AudioController.swift */ = {isa = PBXFileReference; lastKnownFileType = sourcecode.swift; path = AudioController.swift; sourceTree = "<group>"; };
		8D09842427175BD6007477F3 /* fairy-tale-waltz.mp3 */ = {isa = PBXFileReference; lastKnownFileType = audio.mp3; path = "fairy-tale-waltz.mp3"; sourceTree = "<group>"; };
		8D09842627175C27007477F3 /* RecordingViewController.swift */ = {isa = PBXFileReference; lastKnownFileType = sourcecode.swift; path = RecordingViewController.swift; sourceTree = "<group>"; };
		8D4A63C0272725C4009AF315 /* FaceTrackingController.swift */ = {isa = PBXFileReference; lastKnownFileType = sourcecode.swift; path = FaceTrackingController.swift; sourceTree = "<group>"; };
		8D6CB93F270CE88C0057176F /* Info.plist */ = {isa = PBXFileReference; lastKnownFileType = text.plist; path = Info.plist; sourceTree = "<group>"; };
		8DA09D7F270B7564000B43C8 /* User.swift */ = {isa = PBXFileReference; lastKnownFileType = sourcecode.swift; path = User.swift; sourceTree = "<group>"; };
		8DA09D81270B7948000B43C8 /* Level.swift */ = {isa = PBXFileReference; lastKnownFileType = sourcecode.swift; path = Level.swift; sourceTree = "<group>"; };
		8DA09D83270B7963000B43C8 /* CheckpointScores.swift */ = {isa = PBXFileReference; lastKnownFileType = sourcecode.swift; path = CheckpointScores.swift; sourceTree = "<group>"; };
		8DA09D85270B79B3000B43C8 /* InteractionSequence.swift */ = {isa = PBXFileReference; lastKnownFileType = sourcecode.swift; path = InteractionSequence.swift; sourceTree = "<group>"; };
		8DA09D88270B7CA4000B43C8 /* InteractionProtocol.swift */ = {isa = PBXFileReference; lastKnownFileType = sourcecode.swift; path = InteractionProtocol.swift; sourceTree = "<group>"; };
		8DA09D8A270B7F97000B43C8 /* Book.swift */ = {isa = PBXFileReference; lastKnownFileType = sourcecode.swift; path = Book.swift; sourceTree = "<group>"; };
		8DA09D8D270B8487000B43C8 /* TileInteraction.swift */ = {isa = PBXFileReference; lastKnownFileType = sourcecode.swift; path = TileInteraction.swift; sourceTree = "<group>"; };
		8DA09D8F270B87EF000B43C8 /* FaceInteraction.swift */ = {isa = PBXFileReference; lastKnownFileType = sourcecode.swift; path = FaceInteraction.swift; sourceTree = "<group>"; };
		8DB1CFC82729E7C90015B113 /* UINavigationController.swift */ = {isa = PBXFileReference; lastKnownFileType = sourcecode.swift; path = UINavigationController.swift; sourceTree = "<group>"; };
		8DDCA7EF27078441002E9925 /* RhythMage.app */ = {isa = PBXFileReference; explicitFileType = wrapper.application; includeInIndex = 0; path = RhythMage.app; sourceTree = BUILT_PRODUCTS_DIR; };
		8DDCA7F227078441002E9925 /* AppDelegate.swift */ = {isa = PBXFileReference; lastKnownFileType = sourcecode.swift; path = AppDelegate.swift; sourceTree = "<group>"; };
		8DDCA7FF27078443002E9925 /* Assets.xcassets */ = {isa = PBXFileReference; lastKnownFileType = folder.assetcatalog; path = Assets.xcassets; sourceTree = "<group>"; };
		8DDCA80227078443002E9925 /* Base */ = {isa = PBXFileReference; lastKnownFileType = file.storyboard; name = Base; path = Base.lproj/LaunchScreen.storyboard; sourceTree = "<group>"; };
		8DDFF098270CD5F000139FE2 /* SceneDelegate.swift */ = {isa = PBXFileReference; lastKnownFileType = sourcecode.swift; path = SceneDelegate.swift; sourceTree = "<group>"; };
		8DDFF09A270CD84C00139FE2 /* AppContainer.swift */ = {isa = PBXFileReference; lastKnownFileType = sourcecode.swift; path = AppContainer.swift; sourceTree = "<group>"; };
		CF06475A2721E71D00477C3A /* SongMock.swift */ = {isa = PBXFileReference; lastKnownFileType = sourcecode.swift; path = SongMock.swift; sourceTree = "<group>"; };
		CF1F02342727858D004A1FAD /* TutorialViewController.swift */ = {isa = PBXFileReference; lastKnownFileType = sourcecode.swift; path = TutorialViewController.swift; sourceTree = "<group>"; };
		CF1F02362727859D004A1FAD /* TutorialView.swift */ = {isa = PBXFileReference; lastKnownFileType = sourcecode.swift; path = TutorialView.swift; sourceTree = "<group>"; };
		CF2192E3271778490078A93D /* GameKit.framework */ = {isa = PBXFileReference; lastKnownFileType = wrapper.framework; name = GameKit.framework; path = System/Library/Frameworks/GameKit.framework; sourceTree = SDKROOT; };
		CF25FABA271EF19700E3A8D7 /* MainNavigationController.swift */ = {isa = PBXFileReference; lastKnownFileType = sourcecode.swift; path = MainNavigationController.swift; sourceTree = "<group>"; };
		CF36F114271F113F00DE0604 /* SongLibraryHeaderView.swift */ = {isa = PBXFileReference; lastKnownFileType = sourcecode.swift; path = SongLibraryHeaderView.swift; sourceTree = "<group>"; };
		CF3C024A271F3E070046D529 /* CircularGradientView.swift */ = {isa = PBXFileReference; lastKnownFileType = sourcecode.swift; path = CircularGradientView.swift; sourceTree = "<group>"; };
		CF573B79272336AA00FE1C35 /* CreditsSceneViewController.swift */ = {isa = PBXFileReference; fileEncoding = 4; lastKnownFileType = sourcecode.swift; path = CreditsSceneViewController.swift; sourceTree = "<group>"; };
		CF577A6E2720D85300BF82E3 /* SummaryImageViewCollection.swift */ = {isa = PBXFileReference; lastKnownFileType = sourcecode.swift; path = SummaryImageViewCollection.swift; sourceTree = "<group>"; };
		CF746E8B2720865700B7F2DE /* SummaryView.swift */ = {isa = PBXFileReference; lastKnownFileType = sourcecode.swift; path = SummaryView.swift; sourceTree = "<group>"; };
		CF746E8D2720866700B7F2DE /* SummaryViewController.swift */ = {isa = PBXFileReference; lastKnownFileType = sourcecode.swift; path = SummaryViewController.swift; sourceTree = "<group>"; };
		CF746E8F27208C5F00B7F2DE /* SummaryHeaderView.swift */ = {isa = PBXFileReference; lastKnownFileType = sourcecode.swift; path = SummaryHeaderView.swift; sourceTree = "<group>"; };
		CF746E912720910200B7F2DE /* InteractionButtonsView.swift */ = {isa = PBXFileReference; lastKnownFileType = sourcecode.swift; path = InteractionButtonsView.swift; sourceTree = "<group>"; };
		CF746E9627209D8D00B7F2DE /* PointsView.swift */ = {isa = PBXFileReference; lastKnownFileType = sourcecode.swift; path = PointsView.swift; sourceTree = "<group>"; };
		CF746E992720A5DA00B7F2DE /* SummaryImageSetup.swift */ = {isa = PBXFileReference; lastKnownFileType = sourcecode.swift; path = SummaryImageSetup.swift; sourceTree = "<group>"; };
		CF746E9B2720A75B00B7F2DE /* SummaryImageView.swift */ = {isa = PBXFileReference; lastKnownFileType = sourcecode.swift; path = SummaryImageView.swift; sourceTree = "<group>"; };
		CFB113B22729AC4F001A5447 /* CameraCaptureViewController.swift */ = {isa = PBXFileReference; lastKnownFileType = sourcecode.swift; path = CameraCaptureViewController.swift; sourceTree = "<group>"; };
		CFB113B42729AC69001A5447 /* CameraCapture.swift */ = {isa = PBXFileReference; lastKnownFileType = sourcecode.swift; path = CameraCapture.swift; sourceTree = "<group>"; };
		CFB113B62729BA77001A5447 /* cameraCaptureAudio.m4a */ = {isa = PBXFileReference; lastKnownFileType = file; path = cameraCaptureAudio.m4a; sourceTree = "<group>"; };
		CFB113B82729CAB2001A5447 /* TutorialInstructionView.swift */ = {isa = PBXFileReference; lastKnownFileType = sourcecode.swift; path = TutorialInstructionView.swift; sourceTree = "<group>"; };
		CFC99B5427286EE600773C92 /* Video.swift */ = {isa = PBXFileReference; lastKnownFileType = sourcecode.swift; path = Video.swift; sourceTree = "<group>"; };
		CFC99B5727288D8800773C92 /* rhtyhMage.mp4 */ = {isa = PBXFileReference; lastKnownFileType = file; path = rhtyhMage.mp4; sourceTree = "<group>"; };
		CFC99B592728906700773C92 /* CameraAccessView.swift */ = {isa = PBXFileReference; lastKnownFileType = sourcecode.swift; path = CameraAccessView.swift; sourceTree = "<group>"; };
		CFC99B5B2728914300773C92 /* CameraSetupViewController.swift */ = {isa = PBXFileReference; lastKnownFileType = sourcecode.swift; path = CameraSetupViewController.swift; sourceTree = "<group>"; };
		CFE760572728AE5B0059F245 /* HeadphoneRecomendationView.swift */ = {isa = PBXFileReference; lastKnownFileType = sourcecode.swift; path = HeadphoneRecomendationView.swift; sourceTree = "<group>"; };
		CFE760592728B71D0059F245 /* HeadphonerViewController.swift */ = {isa = PBXFileReference; lastKnownFileType = sourcecode.swift; path = HeadphonerViewController.swift; sourceTree = "<group>"; };
		CFF5B03F271DFEA500E5CCE8 /* Colors.swift */ = {isa = PBXFileReference; lastKnownFileType = sourcecode.swift; path = Colors.swift; sourceTree = "<group>"; };
		CFF5B041271E033700E5CCE8 /* TextStyles.swift */ = {isa = PBXFileReference; lastKnownFileType = sourcecode.swift; path = TextStyles.swift; sourceTree = "<group>"; };
		CFF5B043271E0DF400E5CCE8 /* GradientBackgroundView.swift */ = {isa = PBXFileReference; lastKnownFileType = sourcecode.swift; path = GradientBackgroundView.swift; sourceTree = "<group>"; };
		DB1A40FC272321B200F7EDD1 /* SongContainerView.swift */ = {isa = PBXFileReference; fileEncoding = 4; lastKnownFileType = sourcecode.swift; path = SongContainerView.swift; sourceTree = "<group>"; };
		DB1A4100272321D300F7EDD1 /* SmileToResumeViewController.swift */ = {isa = PBXFileReference; fileEncoding = 4; lastKnownFileType = sourcecode.swift; path = SmileToResumeViewController.swift; sourceTree = "<group>"; };
		DB1A4103272321D300F7EDD1 /* SmileToResumeView.swift */ = {isa = PBXFileReference; fileEncoding = 4; lastKnownFileType = sourcecode.swift; path = SmileToResumeView.swift; sourceTree = "<group>"; };
		DB1A41092723220F00F7EDD1 /* SongLibraryViewController.swift */ = {isa = PBXFileReference; fileEncoding = 4; lastKnownFileType = sourcecode.swift; path = SongLibraryViewController.swift; sourceTree = "<group>"; };
		DB1A410A2723220F00F7EDD1 /* SongLibraryViewDelegate.swift */ = {isa = PBXFileReference; fileEncoding = 4; lastKnownFileType = sourcecode.swift; path = SongLibraryViewDelegate.swift; sourceTree = "<group>"; };
		DB1A410C2723220F00F7EDD1 /* SongLibraryView.swift */ = {isa = PBXFileReference; fileEncoding = 4; lastKnownFileType = sourcecode.swift; path = SongLibraryView.swift; sourceTree = "<group>"; };
		DB1A410D2723220F00F7EDD1 /* SongLibraryUnlockedSongCell.swift */ = {isa = PBXFileReference; fileEncoding = 4; lastKnownFileType = sourcecode.swift; path = SongLibraryUnlockedSongCell.swift; sourceTree = "<group>"; };
		DB1A410E2723220F00F7EDD1 /* SongLibraryLockedSongCell.swift */ = {isa = PBXFileReference; fileEncoding = 4; lastKnownFileType = sourcecode.swift; path = SongLibraryLockedSongCell.swift; sourceTree = "<group>"; };
		DB1A41182723235700F7EDD1 /* RecordingSceneViewDelegate.swift */ = {isa = PBXFileReference; lastKnownFileType = sourcecode.swift; path = RecordingSceneViewDelegate.swift; sourceTree = "<group>"; };
		DB1A411C27234E5C00F7EDD1 /* GameDisplayView.swift */ = {isa = PBXFileReference; lastKnownFileType = sourcecode.swift; path = GameDisplayView.swift; sourceTree = "<group>"; };
		DB6BD2B8270F850000BE8C80 /* Inika-Regular.ttf */ = {isa = PBXFileReference; lastKnownFileType = file; path = "Inika-Regular.ttf"; sourceTree = "<group>"; };
		DB6BD2B9270F850000BE8C80 /* Inika-Bold.ttf */ = {isa = PBXFileReference; lastKnownFileType = file; path = "Inika-Bold.ttf"; sourceTree = "<group>"; };
		DBB4A1D8271756E50037BCB1 /* LoadingScreenView.swift */ = {isa = PBXFileReference; lastKnownFileType = sourcecode.swift; path = LoadingScreenView.swift; sourceTree = "<group>"; };
		DBB4A1DA271756F90037BCB1 /* LoadingScreenViewController.swift */ = {isa = PBXFileReference; lastKnownFileType = sourcecode.swift; path = LoadingScreenViewController.swift; sourceTree = "<group>"; };
		DBB4A1DC271757AF0037BCB1 /* LoadingScreenViewDelegate.swift */ = {isa = PBXFileReference; lastKnownFileType = sourcecode.swift; path = LoadingScreenViewDelegate.swift; sourceTree = "<group>"; };
		DBB92017270CC4D40090E41F /* BaseViewController.swift */ = {isa = PBXFileReference; lastKnownFileType = sourcecode.swift; path = BaseViewController.swift; sourceTree = "<group>"; };
		DBB9201C270CE3850090E41F /* DynamicLabel.swift */ = {isa = PBXFileReference; lastKnownFileType = sourcecode.swift; path = DynamicLabel.swift; sourceTree = "<group>"; };
		F14F1A512712291B002F5C3A /* SmileToUnlockView.swift */ = {isa = PBXFileReference; lastKnownFileType = sourcecode.swift; path = SmileToUnlockView.swift; sourceTree = "<group>"; };
		F14F1A5527122D1A002F5C3A /* SmileToUnlockViewController.swift */ = {isa = PBXFileReference; lastKnownFileType = sourcecode.swift; path = SmileToUnlockViewController.swift; sourceTree = "<group>"; };
		F1587EFB27232EB300A2DC09 /* SettingsButtonCell.swift */ = {isa = PBXFileReference; lastKnownFileType = sourcecode.swift; path = SettingsButtonCell.swift; sourceTree = "<group>"; };
		F1587EFD27232ED000A2DC09 /* SettingsView.swift */ = {isa = PBXFileReference; lastKnownFileType = sourcecode.swift; path = SettingsView.swift; sourceTree = "<group>"; };
		F1587EFF27232EF200A2DC09 /* SettingsViewController.swift */ = {isa = PBXFileReference; lastKnownFileType = sourcecode.swift; path = SettingsViewController.swift; sourceTree = "<group>"; };
		F1587F0127232F0400A2DC09 /* SettingsDelegate.swift */ = {isa = PBXFileReference; lastKnownFileType = sourcecode.swift; path = SettingsDelegate.swift; sourceTree = "<group>"; };
		F1587F0327232F2C00A2DC09 /* UseSettings.swift */ = {isa = PBXFileReference; lastKnownFileType = sourcecode.swift; path = UseSettings.swift; sourceTree = "<group>"; };
		F1587F0827232FD400A2DC09 /* CreditsView.swift */ = {isa = PBXFileReference; lastKnownFileType = sourcecode.swift; path = CreditsView.swift; sourceTree = "<group>"; };
		F1587F0C27232FFC00A2DC09 /* CreditsSceneDelegate.swift */ = {isa = PBXFileReference; lastKnownFileType = sourcecode.swift; path = CreditsSceneDelegate.swift; sourceTree = "<group>"; };
		F17AFFB6272AD5FB007D3C73 /* HapticCell.swift */ = {isa = PBXFileReference; lastKnownFileType = sourcecode.swift; path = HapticCell.swift; sourceTree = "<group>"; };
		F17AFFB8272ADB81007D3C73 /* CameraTableViewCell.swift */ = {isa = PBXFileReference; lastKnownFileType = sourcecode.swift; path = CameraTableViewCell.swift; sourceTree = "<group>"; };
/* End PBXFileReference section */

/* Begin PBXFrameworksBuildPhase section */
		8DDCA7EC27078441002E9925 /* Frameworks */ = {
			isa = PBXFrameworksBuildPhase;
			buildActionMask = 2147483647;
			files = (
				CF2192E4271778490078A93D /* GameKit.framework in Frameworks */,
				8DDD692E2718AA2100818A45 /* RealmSwift in Frameworks */,
				8DDD692C2718AA2100818A45 /* Realm in Frameworks */,
			);
			runOnlyForDeploymentPostprocessing = 0;
		};
/* End PBXFrameworksBuildPhase section */

/* Begin PBXGroup section */
		8D00CA1F2722D41D00DCBA84 /* Extensions */ = {
			isa = PBXGroup;
			children = (
				8D00CA202722D43100DCBA84 /* SKNode.swift */,
				8DB1CFC82729E7C90015B113 /* UINavigationController.swift */,
				8D00CA222722D43E00DCBA84 /* SKShapeNode.swift */,
				8D00CA242722D45000DCBA84 /* UIView.swift */,
			);
			path = Extensions;
			sourceTree = "<group>";
		};
		8D00CA262722D4B500DCBA84 /* Components */ = {
			isa = PBXGroup;
			children = (
				8D00CA272722D4C000DCBA84 /* HitLineNode.swift */,
				8D00CA292722D4D800DCBA84 /* MainOrbNode.swift */,
				8D00CA2B2722D4EE00DCBA84 /* TileOrbNode.swift */,
			);
			path = Components;
			sourceTree = "<group>";
		};
		8D05DD7E270DCB820078F2D8 /* Game */ = {
			isa = PBXGroup;
			children = (
				8D05DD80270DCBAA0078F2D8 /* Controller */,
				8D05DD7F270DCBA40078F2D8 /* View */,
			);
			path = Game;
			sourceTree = "<group>";
		};
		8D05DD7F270DCBA40078F2D8 /* View */ = {
			isa = PBXGroup;
			children = (
				8D0984182717522C007477F3 /* GameScene.swift */,
				DB1A411C27234E5C00F7EDD1 /* GameDisplayView.swift */,
				8D00CA262722D4B500DCBA84 /* Components */,
			);
			path = View;
			sourceTree = "<group>";
		};
		8D05DD80270DCBAA0078F2D8 /* Controller */ = {
			isa = PBXGroup;
			children = (
				8D09841A27175233007477F3 /* GameViewController.swift */,
			);
			path = Controller;
			sourceTree = "<group>";
		};
		8D09841C2717531B007477F3 /* Recording */ = {
			isa = PBXGroup;
			children = (
				8D09841D27175329007477F3 /* Controller */,
				8D09841E27175335007477F3 /* View */,
			);
			path = Recording;
			sourceTree = "<group>";
		};
		8D09841D27175329007477F3 /* Controller */ = {
			isa = PBXGroup;
			children = (
				8D09842627175C27007477F3 /* RecordingViewController.swift */,
				DB1A41182723235700F7EDD1 /* RecordingSceneViewDelegate.swift */,
			);
			path = Controller;
			sourceTree = "<group>";
		};
		8D09841E27175335007477F3 /* View */ = {
			isa = PBXGroup;
			children = (
				8D09841F27175363007477F3 /* RecordingScene.swift */,
			);
			path = View;
			sourceTree = "<group>";
		};
		8D09842327175BA9007477F3 /* Songs */ = {
			isa = PBXGroup;
			children = (
				8D09842427175BD6007477F3 /* fairy-tale-waltz.mp3 */,
				8D00CA1D2722D3E500DCBA84 /* defaultLevel.json */,
			);
			path = Songs;
			sourceTree = "<group>";
		};
		8DA09D87270B7C92000B43C8 /* Protocols */ = {
			isa = PBXGroup;
			children = (
				8DA09D88270B7CA4000B43C8 /* InteractionProtocol.swift */,
			);
			path = Protocols;
			sourceTree = "<group>";
		};
		8DA09D8C270B8425000B43C8 /* Interactions */ = {
			isa = PBXGroup;
			children = (
				8DA09D8D270B8487000B43C8 /* TileInteraction.swift */,
				8DA09D8F270B87EF000B43C8 /* FaceInteraction.swift */,
			);
			path = Interactions;
			sourceTree = "<group>";
		};
		8DDCA7E627078441002E9925 = {
			isa = PBXGroup;
			children = (
				8DDCA7F127078441002E9925 /* RhythMage */,
				8DDCA7F027078441002E9925 /* Products */,
				CF2192E2271778490078A93D /* Frameworks */,
			);
			sourceTree = "<group>";
		};
		8DDCA7F027078441002E9925 /* Products */ = {
			isa = PBXGroup;
			children = (
				8DDCA7EF27078441002E9925 /* RhythMage.app */,
			);
			name = Products;
			sourceTree = "<group>";
		};
		8DDCA7F127078441002E9925 /* RhythMage */ = {
			isa = PBXGroup;
			children = (
				8D6CB93F270CE88C0057176F /* Info.plist */,
				CFF5B03E271DFE9500E5CCE8 /* Shared */,
				8DDCA80B2707B11C002E9925 /* Scenes */,
				8DDCA80A2707B110002E9925 /* Controllers */,
				8DDCA8092707B106002E9925 /* Models */,
				8D09842327175BA9007477F3 /* Songs */,
				CF14BB9127282B7A005E7705 /* Videos */,
				8DDCA7FF27078443002E9925 /* Assets.xcassets */,
				8DDCA80127078443002E9925 /* LaunchScreen.storyboard */,
			);
			path = RhythMage;
			sourceTree = "<group>";
		};
		8DDCA8092707B106002E9925 /* Models */ = {
			isa = PBXGroup;
			children = (
				8DA09D87270B7C92000B43C8 /* Protocols */,
				8DA09D8C270B8425000B43C8 /* Interactions */,
				8DA09D7F270B7564000B43C8 /* User.swift */,
				F1587F0327232F2C00A2DC09 /* UseSettings.swift */,
				8DA09D8A270B7F97000B43C8 /* Book.swift */,
				8DA09D81270B7948000B43C8 /* Level.swift */,
				8DA09D83270B7963000B43C8 /* CheckpointScores.swift */,
				8DA09D85270B79B3000B43C8 /* InteractionSequence.swift */,
				DB6BD2B9270F850000BE8C80 /* Inika-Bold.ttf */,
				DB6BD2B8270F850000BE8C80 /* Inika-Regular.ttf */,
			);
			path = Models;
			sourceTree = "<group>";
		};
		8DDCA80A2707B110002E9925 /* Controllers */ = {
			isa = PBXGroup;
			children = (
				DBB92017270CC4D40090E41F /* BaseViewController.swift */,
				8DDCA7F227078441002E9925 /* AppDelegate.swift */,
				8DDFF09A270CD84C00139FE2 /* AppContainer.swift */,
				8DDFF098270CD5F000139FE2 /* SceneDelegate.swift */,
				8D05DD85270F0DA10078F2D8 /* BaseGameViewController.swift */,
				8D4A63C0272725C4009AF315 /* FaceTrackingController.swift */,
				8D0984212717540A007477F3 /* AudioController.swift */,
				8D00CA452723439000DCBA84 /* AuthenticationController.swift */,
			);
			path = Controllers;
			sourceTree = "<group>";
		};
		8DDCA80B2707B11C002E9925 /* Scenes */ = {
			isa = PBXGroup;
			children = (
				CF1F023327278578004A1FAD /* Tutorial */,
				F1587F0527232FA700A2DC09 /* CreditsScene */,
				F1587EF827232E7700A2DC09 /* SettingsScene */,
				DB1A41072723220F00F7EDD1 /* SongLibrary */,
				DB1A40FE272321D300F7EDD1 /* SmileToResume */,
				DBB4A1D5271756BF0037BCB1 /* LoadingScreen */,
				CF746E8A2720863A00B7F2DE /* Summary */,
				8D09841C2717531B007477F3 /* Recording */,
				8D05DD7E270DCB820078F2D8 /* Game */,
				F14F1A50271228EA002F5C3A /* SmileToUnlock */,
			);
			path = Scenes;
			sourceTree = "<group>";
		};
		CF14BB9127282B7A005E7705 /* Videos */ = {
			isa = PBXGroup;
			children = (
				CFC99B5727288D8800773C92 /* rhtyhMage.mp4 */,
				CFB113B62729BA77001A5447 /* cameraCaptureAudio.m4a */,
			);
			path = Videos;
			sourceTree = "<group>";
		};
		CF1F023327278578004A1FAD /* Tutorial */ = {
			isa = PBXGroup;
			children = (
				CFC99B5627286EEA00773C92 /* Model */,
				CF1F0238272785A2004A1FAD /* Controller */,
				CF1F0239272785A8004A1FAD /* View */,
			);
			path = Tutorial;
			sourceTree = "<group>";
		};
		CF1F0238272785A2004A1FAD /* Controller */ = {
			isa = PBXGroup;
			children = (
				CFE760592728B71D0059F245 /* HeadphonerViewController.swift */,
				CF1F02342727858D004A1FAD /* TutorialViewController.swift */,
				CFC99B5B2728914300773C92 /* CameraSetupViewController.swift */,
				CFB113B22729AC4F001A5447 /* CameraCaptureViewController.swift */,
			);
			path = Controller;
			sourceTree = "<group>";
		};
		CF1F0239272785A8004A1FAD /* View */ = {
			isa = PBXGroup;
			children = (
				CFE760572728AE5B0059F245 /* HeadphoneRecomendationView.swift */,
				CF1F02362727859D004A1FAD /* TutorialView.swift */,
				CFC99B592728906700773C92 /* CameraAccessView.swift */,
				CFB113B42729AC69001A5447 /* CameraCapture.swift */,
			);
			path = View;
			sourceTree = "<group>";
		};
		CF2192E2271778490078A93D /* Frameworks */ = {
			isa = PBXGroup;
			children = (
				CF2192E3271778490078A93D /* GameKit.framework */,
			);
			name = Frameworks;
			sourceTree = "<group>";
		};
		CF36F113271F112200DE0604 /* Defaults */ = {
			isa = PBXGroup;
			children = (
				CFF5B03F271DFEA500E5CCE8 /* Colors.swift */,
				CFF5B041271E033700E5CCE8 /* TextStyles.swift */,
			);
			path = Defaults;
			sourceTree = "<group>";
		};
		CF746E8A2720863A00B7F2DE /* Summary */ = {
			isa = PBXGroup;
			children = (
				CF746E982720A5C800B7F2DE /* Model */,
				CF746E942720911B00B7F2DE /* View */,
				CF746E952720912800B7F2DE /* Controller */,
			);
			path = Summary;
			sourceTree = "<group>";
		};
		CF746E932720911100B7F2DE /* Auxiliary Views */ = {
			isa = PBXGroup;
			children = (
				CF746E9D2720A8E500B7F2DE /* Summary Image Collection */,
				CF746E9627209D8D00B7F2DE /* PointsView.swift */,
				CF746E912720910200B7F2DE /* InteractionButtonsView.swift */,
				CF746E8F27208C5F00B7F2DE /* SummaryHeaderView.swift */,
			);
			path = "Auxiliary Views";
			sourceTree = "<group>";
		};
		CF746E942720911B00B7F2DE /* View */ = {
			isa = PBXGroup;
			children = (
				CF746E8B2720865700B7F2DE /* SummaryView.swift */,
				CF746E932720911100B7F2DE /* Auxiliary Views */,
			);
			path = View;
			sourceTree = "<group>";
		};
		CF746E952720912800B7F2DE /* Controller */ = {
			isa = PBXGroup;
			children = (
				CF746E8D2720866700B7F2DE /* SummaryViewController.swift */,
			);
			path = Controller;
			sourceTree = "<group>";
		};
		CF746E982720A5C800B7F2DE /* Model */ = {
			isa = PBXGroup;
			children = (
				CF746E992720A5DA00B7F2DE /* SummaryImageSetup.swift */,
				CF06475A2721E71D00477C3A /* SongMock.swift */,
			);
			path = Model;
			sourceTree = "<group>";
		};
		CF746E9D2720A8E500B7F2DE /* Summary Image Collection */ = {
			isa = PBXGroup;
			children = (
				CF577A6E2720D85300BF82E3 /* SummaryImageViewCollection.swift */,
				CF746E9B2720A75B00B7F2DE /* SummaryImageView.swift */,
			);
			path = "Summary Image Collection";
			sourceTree = "<group>";
		};
		CFC99B5627286EEA00773C92 /* Model */ = {
			isa = PBXGroup;
			children = (
				CFC99B5427286EE600773C92 /* Video.swift */,
			);
			path = Model;
			sourceTree = "<group>";
		};
		CFF5B03E271DFE9500E5CCE8 /* Shared */ = {
			isa = PBXGroup;
			children = (
				8D00CA1F2722D41D00DCBA84 /* Extensions */,
				CF36F113271F112200DE0604 /* Defaults */,
				DB1A40FC272321B200F7EDD1 /* SongContainerView.swift */,
				CF25FABA271EF19700E3A8D7 /* MainNavigationController.swift */,
				DBB9201C270CE3850090E41F /* DynamicLabel.swift */,
				CFF5B043271E0DF400E5CCE8 /* GradientBackgroundView.swift */,
				CF36F114271F113F00DE0604 /* SongLibraryHeaderView.swift */,
				CF3C024A271F3E070046D529 /* CircularGradientView.swift */,
				CFB113B82729CAB2001A5447 /* TutorialInstructionView.swift */,
			);
			path = Shared;
			sourceTree = "<group>";
		};
		DB1A40FE272321D300F7EDD1 /* SmileToResume */ = {
			isa = PBXGroup;
			children = (
				DB1A40FF272321D300F7EDD1 /* Controller */,
				DB1A4102272321D300F7EDD1 /* View */,
			);
			path = SmileToResume;
			sourceTree = "<group>";
		};
		DB1A40FF272321D300F7EDD1 /* Controller */ = {
			isa = PBXGroup;
			children = (
				DB1A4100272321D300F7EDD1 /* SmileToResumeViewController.swift */,
			);
			path = Controller;
			sourceTree = "<group>";
		};
		DB1A4102272321D300F7EDD1 /* View */ = {
			isa = PBXGroup;
			children = (
				DB1A4103272321D300F7EDD1 /* SmileToResumeView.swift */,
			);
			path = View;
			sourceTree = "<group>";
		};
		DB1A41072723220F00F7EDD1 /* SongLibrary */ = {
			isa = PBXGroup;
			children = (
				DB1A41082723220F00F7EDD1 /* Controller */,
				DB1A410B2723220F00F7EDD1 /* View */,
			);
			path = SongLibrary;
			sourceTree = "<group>";
		};
		DB1A41082723220F00F7EDD1 /* Controller */ = {
			isa = PBXGroup;
			children = (
				DB1A41092723220F00F7EDD1 /* SongLibraryViewController.swift */,
				DB1A410A2723220F00F7EDD1 /* SongLibraryViewDelegate.swift */,
			);
			path = Controller;
			sourceTree = "<group>";
		};
		DB1A410B2723220F00F7EDD1 /* View */ = {
			isa = PBXGroup;
			children = (
				DB1A410C2723220F00F7EDD1 /* SongLibraryView.swift */,
				DB1A410D2723220F00F7EDD1 /* SongLibraryUnlockedSongCell.swift */,
				DB1A410E2723220F00F7EDD1 /* SongLibraryLockedSongCell.swift */,
			);
			path = View;
			sourceTree = "<group>";
		};
		DB1A4114272322C400F7EDD1 /* View */ = {
			isa = PBXGroup;
			children = (
				F14F1A512712291B002F5C3A /* SmileToUnlockView.swift */,
			);
			path = View;
			sourceTree = "<group>";
		};
		DB1A4115272322C800F7EDD1 /* Controller */ = {
			isa = PBXGroup;
			children = (
				F14F1A5527122D1A002F5C3A /* SmileToUnlockViewController.swift */,
			);
			path = Controller;
			sourceTree = "<group>";
		};
		DBB4A1D5271756BF0037BCB1 /* LoadingScreen */ = {
			isa = PBXGroup;
			children = (
				DBB4A1D7271756CF0037BCB1 /* Controller */,
				DBB4A1D6271756CA0037BCB1 /* View */,
			);
			path = LoadingScreen;
			sourceTree = "<group>";
		};
		DBB4A1D6271756CA0037BCB1 /* View */ = {
			isa = PBXGroup;
			children = (
				DBB4A1D8271756E50037BCB1 /* LoadingScreenView.swift */,
			);
			path = View;
			sourceTree = "<group>";
		};
		DBB4A1D7271756CF0037BCB1 /* Controller */ = {
			isa = PBXGroup;
			children = (
				DBB4A1DA271756F90037BCB1 /* LoadingScreenViewController.swift */,
				DBB4A1DC271757AF0037BCB1 /* LoadingScreenViewDelegate.swift */,
			);
			path = Controller;
			sourceTree = "<group>";
		};
		F14F1A50271228EA002F5C3A /* SmileToUnlock */ = {
			isa = PBXGroup;
			children = (
				DB1A4115272322C800F7EDD1 /* Controller */,
				DB1A4114272322C400F7EDD1 /* View */,
			);
			path = SmileToUnlock;
			sourceTree = "<group>";
		};
		F1587EF827232E7700A2DC09 /* SettingsScene */ = {
			isa = PBXGroup;
			children = (
				F1587EFA27232E9400A2DC09 /* View */,
				F1587EF927232E7C00A2DC09 /* Controller */,
			);
			path = SettingsScene;
			sourceTree = "<group>";
		};
		F1587EF927232E7C00A2DC09 /* Controller */ = {
			isa = PBXGroup;
			children = (
				F1587EFF27232EF200A2DC09 /* SettingsViewController.swift */,
				F1587F0127232F0400A2DC09 /* SettingsDelegate.swift */,
			);
			path = Controller;
			sourceTree = "<group>";
		};
		F1587EFA27232E9400A2DC09 /* View */ = {
			isa = PBXGroup;
			children = (
				F1587EFB27232EB300A2DC09 /* SettingsButtonCell.swift */,
				F1587EFD27232ED000A2DC09 /* SettingsView.swift */,
				F17AFFB6272AD5FB007D3C73 /* HapticCell.swift */,
				F17AFFB8272ADB81007D3C73 /* CameraTableViewCell.swift */,
			);
			path = View;
			sourceTree = "<group>";
		};
		F1587F0527232FA700A2DC09 /* CreditsScene */ = {
			isa = PBXGroup;
			children = (
				F1587F0727232FBD00A2DC09 /* Controller */,
				F1587F0627232FB600A2DC09 /* View */,
			);
			path = CreditsScene;
			sourceTree = "<group>";
		};
		F1587F0627232FB600A2DC09 /* View */ = {
			isa = PBXGroup;
			children = (
				F1587F0827232FD400A2DC09 /* CreditsView.swift */,
			);
			path = View;
			sourceTree = "<group>";
		};
		F1587F0727232FBD00A2DC09 /* Controller */ = {
			isa = PBXGroup;
			children = (
				CF573B79272336AA00FE1C35 /* CreditsSceneViewController.swift */,
				F1587F0C27232FFC00A2DC09 /* CreditsSceneDelegate.swift */,
			);
			path = Controller;
			sourceTree = "<group>";
		};
/* End PBXGroup section */

/* Begin PBXNativeTarget section */
		8DDCA7EE27078441002E9925 /* RhythMage */ = {
			isa = PBXNativeTarget;
			buildConfigurationList = 8DDCA80627078443002E9925 /* Build configuration list for PBXNativeTarget "RhythMage" */;
			buildPhases = (
				8DDCA7EB27078441002E9925 /* Sources */,
				8DDCA7EC27078441002E9925 /* Frameworks */,
				8DDCA7ED27078441002E9925 /* Resources */,
			);
			buildRules = (
			);
			dependencies = (
			);
			name = RhythMage;
			packageProductDependencies = (
				8DDD692B2718AA2100818A45 /* Realm */,
				8DDD692D2718AA2100818A45 /* RealmSwift */,
			);
			productName = RhythMage;
			productReference = 8DDCA7EF27078441002E9925 /* RhythMage.app */;
			productType = "com.apple.product-type.application";
		};
/* End PBXNativeTarget section */

/* Begin PBXProject section */
		8DDCA7E727078441002E9925 /* Project object */ = {
			isa = PBXProject;
			attributes = {
				BuildIndependentTargetsInParallel = 1;
				LastSwiftUpdateCheck = 1300;
				LastUpgradeCheck = 1300;
				TargetAttributes = {
					8DDCA7EE27078441002E9925 = {
						CreatedOnToolsVersion = 13.0;
					};
				};
			};
			buildConfigurationList = 8DDCA7EA27078441002E9925 /* Build configuration list for PBXProject "RhythMage" */;
			compatibilityVersion = "Xcode 13.0";
			developmentRegion = en;
			hasScannedForEncodings = 0;
			knownRegions = (
				en,
				Base,
			);
			mainGroup = 8DDCA7E627078441002E9925;
			packageReferences = (
				8DDD692A2718AA2100818A45 /* XCRemoteSwiftPackageReference "realm-cocoa" */,
			);
			productRefGroup = 8DDCA7F027078441002E9925 /* Products */;
			projectDirPath = "";
			projectRoot = "";
			targets = (
				8DDCA7EE27078441002E9925 /* RhythMage */,
			);
		};
/* End PBXProject section */

/* Begin PBXResourcesBuildPhase section */
		8DDCA7ED27078441002E9925 /* Resources */ = {
			isa = PBXResourcesBuildPhase;
			buildActionMask = 2147483647;
			files = (
				DB6BD2BB270F850000BE8C80 /* Inika-Bold.ttf in Resources */,
				8DDCA80027078443002E9925 /* Assets.xcassets in Resources */,
				8D00CA1E2722D3E600DCBA84 /* defaultLevel.json in Resources */,
				8DDCA80327078443002E9925 /* LaunchScreen.storyboard in Resources */,
				CFC99B5827288D8800773C92 /* rhtyhMage.mp4 in Resources */,
				CFB113B72729BA77001A5447 /* cameraCaptureAudio.m4a in Resources */,
				DB6BD2BA270F850000BE8C80 /* Inika-Regular.ttf in Resources */,
				8D09842527175BD6007477F3 /* fairy-tale-waltz.mp3 in Resources */,
			);
			runOnlyForDeploymentPostprocessing = 0;
		};
/* End PBXResourcesBuildPhase section */

/* Begin PBXSourcesBuildPhase section */
		8DDCA7EB27078441002E9925 /* Sources */ = {
			isa = PBXSourcesBuildPhase;
			buildActionMask = 2147483647;
			files = (
				8D00CA232722D43E00DCBA84 /* SKShapeNode.swift in Sources */,
				CF746E9C2720A75B00B7F2DE /* SummaryImageView.swift in Sources */,
				F17AFFB7272AD5FB007D3C73 /* HapticCell.swift in Sources */,
				8D00CA252722D45000DCBA84 /* UIView.swift in Sources */,
				CF746E922720910200B7F2DE /* InteractionButtonsView.swift in Sources */,
				CF746E9A2720A5DA00B7F2DE /* SummaryImageSetup.swift in Sources */,
				8D09842727175C27007477F3 /* RecordingViewController.swift in Sources */,
				8DA09D82270B7948000B43C8 /* Level.swift in Sources */,
				CFF5B042271E033700E5CCE8 /* TextStyles.swift in Sources */,
				8D00CA2A2722D4D800DCBA84 /* MainOrbNode.swift in Sources */,
				F14F1A5627122D1A002F5C3A /* SmileToUnlockViewController.swift in Sources */,
				DB1A40FD272321B200F7EDD1 /* SongContainerView.swift in Sources */,
				F14F1A522712291B002F5C3A /* SmileToUnlockView.swift in Sources */,
				CF36F115271F113F00DE0604 /* SongLibraryHeaderView.swift in Sources */,
				8DA09D84270B7963000B43C8 /* CheckpointScores.swift in Sources */,
				DB1A41102723220F00F7EDD1 /* SongLibraryViewDelegate.swift in Sources */,
				DBB92018270CC4D40090E41F /* BaseViewController.swift in Sources */,
				8D00CA212722D43100DCBA84 /* SKNode.swift in Sources */,
				DB1A41132723220F00F7EDD1 /* SongLibraryLockedSongCell.swift in Sources */,
				8DA09D86270B79B3000B43C8 /* InteractionSequence.swift in Sources */,
				DB1A4106272321D300F7EDD1 /* SmileToResumeView.swift in Sources */,
				F1587EFC27232EB300A2DC09 /* SettingsButtonCell.swift in Sources */,
				F1587F0927232FD400A2DC09 /* CreditsView.swift in Sources */,
				8DA09D89270B7CA4000B43C8 /* InteractionProtocol.swift in Sources */,
				DBB4A1DD271757AF0037BCB1 /* LoadingScreenViewDelegate.swift in Sources */,
				CFF5B040271DFEA500E5CCE8 /* Colors.swift in Sources */,
				8D00CA462723439000DCBA84 /* AuthenticationController.swift in Sources */,
				CFC99B5A2728906700773C92 /* CameraAccessView.swift in Sources */,
				DB1A4104272321D300F7EDD1 /* SmileToResumeViewController.swift in Sources */,
				CF746E9727209D8D00B7F2DE /* PointsView.swift in Sources */,
				F1587F0227232F0400A2DC09 /* SettingsDelegate.swift in Sources */,
				CF1F02352727858D004A1FAD /* TutorialViewController.swift in Sources */,
				CFE760582728AE5B0059F245 /* HeadphoneRecomendationView.swift in Sources */,
				DB1A41122723220F00F7EDD1 /* SongLibraryUnlockedSongCell.swift in Sources */,
				CF1F02372727859D004A1FAD /* TutorialView.swift in Sources */,
				F1587F0027232EF200A2DC09 /* SettingsViewController.swift in Sources */,
				8DA09D90270B87EF000B43C8 /* FaceInteraction.swift in Sources */,
				DBB4A1DB271756F90037BCB1 /* LoadingScreenViewController.swift in Sources */,
				8D0984222717540A007477F3 /* AudioController.swift in Sources */,
				CFB113B52729AC69001A5447 /* CameraCapture.swift in Sources */,
				CF746E9027208C5F00B7F2DE /* SummaryHeaderView.swift in Sources */,
				8DDFF099270CD5F000139FE2 /* SceneDelegate.swift in Sources */,
				CF746E8E2720866700B7F2DE /* SummaryViewController.swift in Sources */,
				DB1A41192723235700F7EDD1 /* RecordingSceneViewDelegate.swift in Sources */,
				CF573B7A272336AA00FE1C35 /* CreditsSceneViewController.swift in Sources */,
				CFE7605A2728B71D0059F245 /* HeadphonerViewController.swift in Sources */,
				CFC99B5C2728914300773C92 /* CameraSetupViewController.swift in Sources */,
				8D4A63C1272725C4009AF315 /* FaceTrackingController.swift in Sources */,
				8D00CA2C2722D4EE00DCBA84 /* TileOrbNode.swift in Sources */,
				8D0984192717522C007477F3 /* GameScene.swift in Sources */,
				DB1A411D27234E5C00F7EDD1 /* GameDisplayView.swift in Sources */,
				CF25FABB271EF19700E3A8D7 /* MainNavigationController.swift in Sources */,
				8DB1CFC92729E7C90015B113 /* UINavigationController.swift in Sources */,
				DB1A41112723220F00F7EDD1 /* SongLibraryView.swift in Sources */,
				DB1A410F2723220F00F7EDD1 /* SongLibraryViewController.swift in Sources */,
				8DA09D80270B7564000B43C8 /* User.swift in Sources */,
				CFC99B5527286EE600773C92 /* Video.swift in Sources */,
				CFB113B32729AC4F001A5447 /* CameraCaptureViewController.swift in Sources */,
				CF577A6F2720D85300BF82E3 /* SummaryImageViewCollection.swift in Sources */,
				F1587F0427232F2C00A2DC09 /* UseSettings.swift in Sources */,
				DBB4A1D9271756E50037BCB1 /* LoadingScreenView.swift in Sources */,
				8DA09D8B270B7F97000B43C8 /* Book.swift in Sources */,
				F1587EFE27232ED000A2DC09 /* SettingsView.swift in Sources */,
				8DA09D8E270B8487000B43C8 /* TileInteraction.swift in Sources */,
				8D00CA282722D4C000DCBA84 /* HitLineNode.swift in Sources */,
				CF746E8C2720865700B7F2DE /* SummaryView.swift in Sources */,
				F17AFFB9272ADB81007D3C73 /* CameraTableViewCell.swift in Sources */,
				DBB9201D270CE3850090E41F /* DynamicLabel.swift in Sources */,
				CF3C024B271F3E070046D529 /* CircularGradientView.swift in Sources */,
				CFF5B044271E0DF400E5CCE8 /* GradientBackgroundView.swift in Sources */,
				8DDCA7F327078441002E9925 /* AppDelegate.swift in Sources */,
				CFB113B92729CAB2001A5447 /* TutorialInstructionView.swift in Sources */,
				8D05DD86270F0DA10078F2D8 /* BaseGameViewController.swift in Sources */,
				8D09841B27175233007477F3 /* GameViewController.swift in Sources */,
				F1587F0D27232FFC00A2DC09 /* CreditsSceneDelegate.swift in Sources */,
				8D09842027175363007477F3 /* RecordingScene.swift in Sources */,
				8DDFF09B270CD84C00139FE2 /* AppContainer.swift in Sources */,
				CF06475B2721E71D00477C3A /* SongMock.swift in Sources */,
			);
			runOnlyForDeploymentPostprocessing = 0;
		};
/* End PBXSourcesBuildPhase section */

/* Begin PBXVariantGroup section */
		8DDCA80127078443002E9925 /* LaunchScreen.storyboard */ = {
			isa = PBXVariantGroup;
			children = (
				8DDCA80227078443002E9925 /* Base */,
			);
			name = LaunchScreen.storyboard;
			sourceTree = "<group>";
		};
/* End PBXVariantGroup section */

/* Begin XCBuildConfiguration section */
		8DDCA80427078443002E9925 /* Debug */ = {
			isa = XCBuildConfiguration;
			buildSettings = {
				ALWAYS_SEARCH_USER_PATHS = NO;
				CLANG_ANALYZER_NONNULL = YES;
				CLANG_ANALYZER_NUMBER_OBJECT_CONVERSION = YES_AGGRESSIVE;
				CLANG_CXX_LANGUAGE_STANDARD = "gnu++17";
				CLANG_CXX_LIBRARY = "libc++";
				CLANG_ENABLE_MODULES = YES;
				CLANG_ENABLE_OBJC_ARC = YES;
				CLANG_ENABLE_OBJC_WEAK = YES;
				CLANG_WARN_BLOCK_CAPTURE_AUTORELEASING = YES;
				CLANG_WARN_BOOL_CONVERSION = YES;
				CLANG_WARN_COMMA = YES;
				CLANG_WARN_CONSTANT_CONVERSION = YES;
				CLANG_WARN_DEPRECATED_OBJC_IMPLEMENTATIONS = YES;
				CLANG_WARN_DIRECT_OBJC_ISA_USAGE = YES_ERROR;
				CLANG_WARN_DOCUMENTATION_COMMENTS = YES;
				CLANG_WARN_EMPTY_BODY = YES;
				CLANG_WARN_ENUM_CONVERSION = YES;
				CLANG_WARN_INFINITE_RECURSION = YES;
				CLANG_WARN_INT_CONVERSION = YES;
				CLANG_WARN_NON_LITERAL_NULL_CONVERSION = YES;
				CLANG_WARN_OBJC_IMPLICIT_RETAIN_SELF = YES;
				CLANG_WARN_OBJC_LITERAL_CONVERSION = YES;
				CLANG_WARN_OBJC_ROOT_CLASS = YES_ERROR;
				CLANG_WARN_QUOTED_INCLUDE_IN_FRAMEWORK_HEADER = YES;
				CLANG_WARN_RANGE_LOOP_ANALYSIS = YES;
				CLANG_WARN_STRICT_PROTOTYPES = YES;
				CLANG_WARN_SUSPICIOUS_MOVE = YES;
				CLANG_WARN_UNGUARDED_AVAILABILITY = YES_AGGRESSIVE;
				CLANG_WARN_UNREACHABLE_CODE = YES;
				CLANG_WARN__DUPLICATE_METHOD_MATCH = YES;
				COPY_PHASE_STRIP = NO;
				DEBUG_INFORMATION_FORMAT = dwarf;
				ENABLE_STRICT_OBJC_MSGSEND = YES;
				ENABLE_TESTABILITY = YES;
				GCC_C_LANGUAGE_STANDARD = gnu11;
				GCC_DYNAMIC_NO_PIC = NO;
				GCC_NO_COMMON_BLOCKS = YES;
				GCC_OPTIMIZATION_LEVEL = 0;
				GCC_PREPROCESSOR_DEFINITIONS = (
					"DEBUG=1",
					"$(inherited)",
				);
				GCC_WARN_64_TO_32_BIT_CONVERSION = YES;
				GCC_WARN_ABOUT_RETURN_TYPE = YES_ERROR;
				GCC_WARN_UNDECLARED_SELECTOR = YES;
				GCC_WARN_UNINITIALIZED_AUTOS = YES_AGGRESSIVE;
				GCC_WARN_UNUSED_FUNCTION = YES;
				GCC_WARN_UNUSED_VARIABLE = YES;
				GENERATE_PKGINFO_FILE = NO;
				IPHONEOS_DEPLOYMENT_TARGET = 15.0;
				MTL_ENABLE_DEBUG_INFO = INCLUDE_SOURCE;
				MTL_FAST_MATH = YES;
				ONLY_ACTIVE_ARCH = YES;
				PRODUCT_NAME = "";
				SDKROOT = iphoneos;
				SWIFT_ACTIVE_COMPILATION_CONDITIONS = DEBUG;
				SWIFT_OPTIMIZATION_LEVEL = "-Onone";
			};
			name = Debug;
		};
		8DDCA80527078443002E9925 /* Release */ = {
			isa = XCBuildConfiguration;
			buildSettings = {
				ALWAYS_SEARCH_USER_PATHS = NO;
				CLANG_ANALYZER_NONNULL = YES;
				CLANG_ANALYZER_NUMBER_OBJECT_CONVERSION = YES_AGGRESSIVE;
				CLANG_CXX_LANGUAGE_STANDARD = "gnu++17";
				CLANG_CXX_LIBRARY = "libc++";
				CLANG_ENABLE_MODULES = YES;
				CLANG_ENABLE_OBJC_ARC = YES;
				CLANG_ENABLE_OBJC_WEAK = YES;
				CLANG_WARN_BLOCK_CAPTURE_AUTORELEASING = YES;
				CLANG_WARN_BOOL_CONVERSION = YES;
				CLANG_WARN_COMMA = YES;
				CLANG_WARN_CONSTANT_CONVERSION = YES;
				CLANG_WARN_DEPRECATED_OBJC_IMPLEMENTATIONS = YES;
				CLANG_WARN_DIRECT_OBJC_ISA_USAGE = YES_ERROR;
				CLANG_WARN_DOCUMENTATION_COMMENTS = YES;
				CLANG_WARN_EMPTY_BODY = YES;
				CLANG_WARN_ENUM_CONVERSION = YES;
				CLANG_WARN_INFINITE_RECURSION = YES;
				CLANG_WARN_INT_CONVERSION = YES;
				CLANG_WARN_NON_LITERAL_NULL_CONVERSION = YES;
				CLANG_WARN_OBJC_IMPLICIT_RETAIN_SELF = YES;
				CLANG_WARN_OBJC_LITERAL_CONVERSION = YES;
				CLANG_WARN_OBJC_ROOT_CLASS = YES_ERROR;
				CLANG_WARN_QUOTED_INCLUDE_IN_FRAMEWORK_HEADER = YES;
				CLANG_WARN_RANGE_LOOP_ANALYSIS = YES;
				CLANG_WARN_STRICT_PROTOTYPES = YES;
				CLANG_WARN_SUSPICIOUS_MOVE = YES;
				CLANG_WARN_UNGUARDED_AVAILABILITY = YES_AGGRESSIVE;
				CLANG_WARN_UNREACHABLE_CODE = YES;
				CLANG_WARN__DUPLICATE_METHOD_MATCH = YES;
				COPY_PHASE_STRIP = NO;
				DEBUG_INFORMATION_FORMAT = "dwarf-with-dsym";
				ENABLE_NS_ASSERTIONS = NO;
				ENABLE_STRICT_OBJC_MSGSEND = YES;
				GCC_C_LANGUAGE_STANDARD = gnu11;
				GCC_NO_COMMON_BLOCKS = YES;
				GCC_WARN_64_TO_32_BIT_CONVERSION = YES;
				GCC_WARN_ABOUT_RETURN_TYPE = YES_ERROR;
				GCC_WARN_UNDECLARED_SELECTOR = YES;
				GCC_WARN_UNINITIALIZED_AUTOS = YES_AGGRESSIVE;
				GCC_WARN_UNUSED_FUNCTION = YES;
				GCC_WARN_UNUSED_VARIABLE = YES;
				GENERATE_PKGINFO_FILE = NO;
				IPHONEOS_DEPLOYMENT_TARGET = 15.0;
				MTL_ENABLE_DEBUG_INFO = NO;
				MTL_FAST_MATH = YES;
				PRODUCT_NAME = "";
				SDKROOT = iphoneos;
				SWIFT_COMPILATION_MODE = wholemodule;
				SWIFT_OPTIMIZATION_LEVEL = "-O";
				VALIDATE_PRODUCT = YES;
			};
			name = Release;
		};
		8DDCA80727078443002E9925 /* Debug */ = {
			isa = XCBuildConfiguration;
			buildSettings = {
				ASSETCATALOG_COMPILER_APPICON_NAME = AppIcon;
				ASSETCATALOG_COMPILER_GLOBAL_ACCENT_COLOR_NAME = AccentColor;
				CODE_SIGN_STYLE = Automatic;
				CURRENT_PROJECT_VERSION = 1;
				DEVELOPMENT_TEAM = 5J4WXMTZ2V;
				GENERATE_INFOPLIST_FILE = YES;
				INFOPLIST_FILE = RhythMage/Info.plist;
				INFOPLIST_KEY_NSCameraUsageDescription = "RhythMage needs access to your camera for gameplay.";
				INFOPLIST_KEY_UIApplicationSupportsIndirectInputEvents = YES;
				INFOPLIST_KEY_UILaunchStoryboardName = LaunchScreen;
				INFOPLIST_KEY_UIRequiredDeviceCapabilities = gamekit;
				INFOPLIST_KEY_UIStatusBarHidden = YES;
				INFOPLIST_KEY_UISupportedInterfaceOrientations = UIInterfaceOrientationPortrait;
				INFOPLIST_KEY_UISupportedInterfaceOrientations_iPad = "UIInterfaceOrientationPortrait UIInterfaceOrientationPortraitUpsideDown UIInterfaceOrientationLandscapeLeft UIInterfaceOrientationLandscapeRight";
				INFOPLIST_KEY_UISupportedInterfaceOrientations_iPhone = "UIInterfaceOrientationPortrait UIInterfaceOrientationLandscapeLeft UIInterfaceOrientationLandscapeRight";
				IPHONEOS_DEPLOYMENT_TARGET = 15.0;
				LD_RUNPATH_SEARCH_PATHS = (
					"$(inherited)",
					"@executable_path/Frameworks",
				);
				MARKETING_VERSION = 1.0;
				PRODUCT_BUNDLE_IDENTIFIER = ADA.RhythMage;
				PRODUCT_NAME = "$(TARGET_NAME)";
				SWIFT_EMIT_LOC_STRINGS = YES;
				SWIFT_VERSION = 5.0;
				TARGETED_DEVICE_FAMILY = 1;
				WRAPPER_EXTENSION = app;
			};
			name = Debug;
		};
		8DDCA80827078443002E9925 /* Release */ = {
			isa = XCBuildConfiguration;
			buildSettings = {
				ASSETCATALOG_COMPILER_APPICON_NAME = AppIcon;
				ASSETCATALOG_COMPILER_GLOBAL_ACCENT_COLOR_NAME = AccentColor;
				CODE_SIGN_STYLE = Automatic;
				CURRENT_PROJECT_VERSION = 1;
				DEVELOPMENT_TEAM = 5J4WXMTZ2V;
				GENERATE_INFOPLIST_FILE = YES;
				INFOPLIST_FILE = RhythMage/Info.plist;
				INFOPLIST_KEY_NSCameraUsageDescription = "RhythMage needs access to your camera for gameplay.";
				INFOPLIST_KEY_UIApplicationSupportsIndirectInputEvents = YES;
				INFOPLIST_KEY_UILaunchStoryboardName = LaunchScreen;
				INFOPLIST_KEY_UIRequiredDeviceCapabilities = gamekit;
				INFOPLIST_KEY_UIStatusBarHidden = YES;
				INFOPLIST_KEY_UISupportedInterfaceOrientations = UIInterfaceOrientationPortrait;
				INFOPLIST_KEY_UISupportedInterfaceOrientations_iPad = "UIInterfaceOrientationPortrait UIInterfaceOrientationPortraitUpsideDown UIInterfaceOrientationLandscapeLeft UIInterfaceOrientationLandscapeRight";
				INFOPLIST_KEY_UISupportedInterfaceOrientations_iPhone = "UIInterfaceOrientationPortrait UIInterfaceOrientationLandscapeLeft UIInterfaceOrientationLandscapeRight";
				IPHONEOS_DEPLOYMENT_TARGET = 15.0;
				LD_RUNPATH_SEARCH_PATHS = (
					"$(inherited)",
					"@executable_path/Frameworks",
				);
				MARKETING_VERSION = 1.0;
				PRODUCT_BUNDLE_IDENTIFIER = ADA.RhythMage;
				PRODUCT_NAME = "$(TARGET_NAME)";
				SWIFT_EMIT_LOC_STRINGS = YES;
				SWIFT_VERSION = 5.0;
				TARGETED_DEVICE_FAMILY = 1;
				WRAPPER_EXTENSION = app;
			};
			name = Release;
		};
/* End XCBuildConfiguration section */

/* Begin XCConfigurationList section */
		8DDCA7EA27078441002E9925 /* Build configuration list for PBXProject "RhythMage" */ = {
			isa = XCConfigurationList;
			buildConfigurations = (
				8DDCA80427078443002E9925 /* Debug */,
				8DDCA80527078443002E9925 /* Release */,
			);
			defaultConfigurationIsVisible = 0;
			defaultConfigurationName = Release;
		};
		8DDCA80627078443002E9925 /* Build configuration list for PBXNativeTarget "RhythMage" */ = {
			isa = XCConfigurationList;
			buildConfigurations = (
				8DDCA80727078443002E9925 /* Debug */,
				8DDCA80827078443002E9925 /* Release */,
			);
			defaultConfigurationIsVisible = 0;
			defaultConfigurationName = Release;
		};
/* End XCConfigurationList section */

/* Begin XCRemoteSwiftPackageReference section */
		8DDD692A2718AA2100818A45 /* XCRemoteSwiftPackageReference "realm-cocoa" */ = {
			isa = XCRemoteSwiftPackageReference;
			repositoryURL = "https://github.com/realm/realm-cocoa";
			requirement = {
				kind = upToNextMajorVersion;
				minimumVersion = 5.0.0;
			};
		};
/* End XCRemoteSwiftPackageReference section */

/* Begin XCSwiftPackageProductDependency section */
		8DDD692B2718AA2100818A45 /* Realm */ = {
			isa = XCSwiftPackageProductDependency;
			package = 8DDD692A2718AA2100818A45 /* XCRemoteSwiftPackageReference "realm-cocoa" */;
			productName = Realm;
		};
		8DDD692D2718AA2100818A45 /* RealmSwift */ = {
			isa = XCSwiftPackageProductDependency;
			package = 8DDD692A2718AA2100818A45 /* XCRemoteSwiftPackageReference "realm-cocoa" */;
			productName = RealmSwift;
		};
/* End XCSwiftPackageProductDependency section */
	};
	rootObject = 8DDCA7E727078441002E9925 /* Project object */;
}
